// !$*UTF8*$!
{
	archiveVersion = 1;
	classes = {
	};
	objectVersion = 46;
	objects = {

/* Begin PBXBuildFile section */
		C606AE421B07211E0039CA5B /* MWFeedParser.m in Sources */ = {isa = PBXBuildFile; fileRef = C606AE3D1B07211E0039CA5B /* MWFeedParser.m */; };
		C606AE431B07211E0039CA5B /* MWFeedInfo.m in Sources */ = {isa = PBXBuildFile; fileRef = C606AE3F1B07211E0039CA5B /* MWFeedInfo.m */; };
		C606AE441B07211E0039CA5B /* MWFeedItem.m in Sources */ = {isa = PBXBuildFile; fileRef = C606AE411B07211E0039CA5B /* MWFeedItem.m */; };
		C606AE491B0721290039CA5B /* NSString+HTML.m in Sources */ = {isa = PBXBuildFile; fileRef = C606AE461B0721290039CA5B /* NSString+HTML.m */; };
		C606AE4A1B0721290039CA5B /* NSDate+InternetDateTime.m in Sources */ = {isa = PBXBuildFile; fileRef = C606AE481B0721290039CA5B /* NSDate+InternetDateTime.m */; };
		C606AE4D1B07216A0039CA5B /* GTMNSString+HTML.m in Sources */ = {isa = PBXBuildFile; fileRef = C606AE4C1B07216A0039CA5B /* GTMNSString+HTML.m */; };
		C606AE501B0734050039CA5B /* ArticleListing.m in Sources */ = {isa = PBXBuildFile; fileRef = C606AE4F1B0734050039CA5B /* ArticleListing.m */; };
		C6240FE41B073A27005820C5 /* ArticleListingTable.m in Sources */ = {isa = PBXBuildFile; fileRef = C6240FE31B073A27005820C5 /* ArticleListingTable.m */; };
		C6240FE61B0743C8005820C5 /* ArticleListingCell.xib in Resources */ = {isa = PBXBuildFile; fileRef = C6240FE51B0743C8005820C5 /* ArticleListingCell.xib */; };
		C6240FE91B074437005820C5 /* ArticleListingCell.m in Sources */ = {isa = PBXBuildFile; fileRef = C6240FE81B074437005820C5 /* ArticleListingCell.m */; };
		C6240FED1B0748E9005820C5 /* Utilities.m in Sources */ = {isa = PBXBuildFile; fileRef = C6240FEC1B0748E9005820C5 /* Utilities.m */; };
		C6240FF61B075FE5005820C5 /* ArticleDetailViewController.m in Sources */ = {isa = PBXBuildFile; fileRef = C6240FF51B075FE5005820C5 /* ArticleDetailViewController.m */; };
		C6240FF91B076036005820C5 /* ArticleScrollView.m in Sources */ = {isa = PBXBuildFile; fileRef = C6240FF81B076036005820C5 /* ArticleScrollView.m */; };
		C63311DC1B06573A0099A6EC /* AerServSDK.framework in Frameworks */ = {isa = PBXBuildFile; fileRef = C63311B61B06573A0099A6EC /* AerServSDK.framework */; };
		C63311DD1B06573A0099A6EC /* VERSION in Resources */ = {isa = PBXBuildFile; fileRef = C63311B71B06573A0099A6EC /* VERSION */; };
		C63311DE1B06573A0099A6EC /* AppsaholicSDK.podspec in Resources */ = {isa = PBXBuildFile; fileRef = C63311B91B06573A0099A6EC /* AppsaholicSDK.podspec */; };
		C63311DF1B06573A0099A6EC /* FBAudienceNetwork.framework in Frameworks */ = {isa = PBXBuildFile; fileRef = C63311BB1B06573A0099A6EC /* FBAudienceNetwork.framework */; };
		C63311E01B06573A0099A6EC /* FBAudienceNetwork.README.txt in Resources */ = {isa = PBXBuildFile; fileRef = C63311BC1B06573A0099A6EC /* FBAudienceNetwork.README.txt */; };
		C63311E11B06573A0099A6EC /* LICENSE in Resources */ = {isa = PBXBuildFile; fileRef = C63311BD1B06573A0099A6EC /* LICENSE */; };
		C63311E21B06573A0099A6EC /* README.txt in Resources */ = {isa = PBXBuildFile; fileRef = C63311BE1B06573A0099A6EC /* README.txt */; };
		C63311E31B06573A0099A6EC /* libAppsaholicSDK-2.2.1.a in Frameworks */ = {isa = PBXBuildFile; fileRef = C63311BF1B06573A0099A6EC /* libAppsaholicSDK-2.2.1.a */; };
		C63311E41B06573A0099A6EC /* MBProgressHUD.m in Sources */ = {isa = PBXBuildFile; fileRef = C63311C11B06573A0099A6EC /* MBProgressHUD.m */; };
		C63311E51B06573A0099A6EC /* pollfish.framework in Frameworks */ = {isa = PBXBuildFile; fileRef = C63311C31B06573A0099A6EC /* pollfish.framework */; };
		C63311E61B06573A0099A6EC /* README.txt in Resources */ = {isa = PBXBuildFile; fileRef = C63311C41B06573A0099A6EC /* README.txt */; };
		C63311E71B06573A0099A6EC /* Reachability.m in Sources */ = {isa = PBXBuildFile; fileRef = C63311C61B06573A0099A6EC /* Reachability.m */; };
		C63311E81B06573A0099A6EC /* account.png in Resources */ = {isa = PBXBuildFile; fileRef = C63311C81B06573A0099A6EC /* account.png */; };
		C63311E91B06573A0099A6EC /* back.png in Resources */ = {isa = PBXBuildFile; fileRef = C63311C91B06573A0099A6EC /* back.png */; };
		C63311EA1B06573A0099A6EC /* close_button.png in Resources */ = {isa = PBXBuildFile; fileRef = C63311CA1B06573A0099A6EC /* close_button.png */; };
		C63311EB1B06573A0099A6EC /* exclaimation.png in Resources */ = {isa = PBXBuildFile; fileRef = C63311CB1B06573A0099A6EC /* exclaimation.png */; };
		C63311EC1B06573A0099A6EC /* icon_close.png in Resources */ = {isa = PBXBuildFile; fileRef = C63311CC1B06573A0099A6EC /* icon_close.png */; };
		C63311ED1B06573A0099A6EC /* icon_refresh.png in Resources */ = {isa = PBXBuildFile; fileRef = C63311CD1B06573A0099A6EC /* icon_refresh.png */; };
		C63311EE1B06573A0099A6EC /* info.png in Resources */ = {isa = PBXBuildFile; fileRef = C63311CE1B06573A0099A6EC /* info.png */; };
		C63311EF1B06573A0099A6EC /* info_circle.png in Resources */ = {isa = PBXBuildFile; fileRef = C63311CF1B06573A0099A6EC /* info_circle.png */; };
		C63311F01B06573A0099A6EC /* logo_perk.png in Resources */ = {isa = PBXBuildFile; fileRef = C63311D01B06573A0099A6EC /* logo_perk.png */; };
		C63311F11B06573A0099A6EC /* perk_star.png in Resources */ = {isa = PBXBuildFile; fileRef = C63311D11B06573A0099A6EC /* perk_star.png */; };
		C63311F21B06573A0099A6EC /* TempUnavailable.png in Resources */ = {isa = PBXBuildFile; fileRef = C63311D21B06573A0099A6EC /* TempUnavailable.png */; };
		C63311F31B06573A0099A6EC /* __vungle.db in Resources */ = {isa = PBXBuildFile; fileRef = C63311D51B06573A0099A6EC /* __vungle.db */; };
		C63311F41B06573A0099A6EC /* vg_close.png in Resources */ = {isa = PBXBuildFile; fileRef = C63311D61B06573A0099A6EC /* vg_close.png */; };
		C63311F51B06573A0099A6EC /* vg_cta.png in Resources */ = {isa = PBXBuildFile; fileRef = C63311D71B06573A0099A6EC /* vg_cta.png */; };
		C63311F61B06573A0099A6EC /* vg_mute_off.png in Resources */ = {isa = PBXBuildFile; fileRef = C63311D81B06573A0099A6EC /* vg_mute_off.png */; };
		C63311F71B06573A0099A6EC /* vg_mute_on.png in Resources */ = {isa = PBXBuildFile; fileRef = C63311D91B06573A0099A6EC /* vg_mute_on.png */; };
		C63311F81B06573A0099A6EC /* vg_timer.png in Resources */ = {isa = PBXBuildFile; fileRef = C63311DA1B06573A0099A6EC /* vg_timer.png */; };
		C63311F91B06573A0099A6EC /* VungleSDK.framework in Frameworks */ = {isa = PBXBuildFile; fileRef = C63311DB1B06573A0099A6EC /* VungleSDK.framework */; };
		C63311FB1B065D8B0099A6EC /* iAd.framework in Frameworks */ = {isa = PBXBuildFile; fileRef = C63311FA1B065D8B0099A6EC /* iAd.framework */; };
		C63311FD1B065DA80099A6EC /* MessageUI.framework in Frameworks */ = {isa = PBXBuildFile; fileRef = C63311FC1B065DA80099A6EC /* MessageUI.framework */; };
		C63311FF1B065DB70099A6EC /* MediaPlayer.framework in Frameworks */ = {isa = PBXBuildFile; fileRef = C63311FE1B065DB70099A6EC /* MediaPlayer.framework */; };
		C63312011B065DBD0099A6EC /* AdSupport.framework in Frameworks */ = {isa = PBXBuildFile; fileRef = C63312001B065DBD0099A6EC /* AdSupport.framework */; };
		C63312031B065DC30099A6EC /* CoreLocation.framework in Frameworks */ = {isa = PBXBuildFile; fileRef = C63312021B065DC30099A6EC /* CoreLocation.framework */; };
		C63312051B065DD70099A6EC /* libxml2.2.dylib in Frameworks */ = {isa = PBXBuildFile; fileRef = C63312041B065DD70099A6EC /* libxml2.2.dylib */; };
		C63312071B065E030099A6EC /* SystemConfiguration.framework in Frameworks */ = {isa = PBXBuildFile; fileRef = C63312061B065E030099A6EC /* SystemConfiguration.framework */; };
		C63312091B065E0F0099A6EC /* StoreKit.framework in Frameworks */ = {isa = PBXBuildFile; fileRef = C63312081B065E0F0099A6EC /* StoreKit.framework */; };
		C633120B1B065E170099A6EC /* CoreMotion.framework in Frameworks */ = {isa = PBXBuildFile; fileRef = C633120A1B065E170099A6EC /* CoreMotion.framework */; };
		C633120D1B065F040099A6EC /* CoreTelephony.framework in Frameworks */ = {isa = PBXBuildFile; fileRef = C633120C1B065F040099A6EC /* CoreTelephony.framework */; };
		C6B8C9501B064BBC00B9B9CF /* main.m in Sources */ = {isa = PBXBuildFile; fileRef = C6B8C94F1B064BBC00B9B9CF /* main.m */; };
		C6B8C9531B064BBC00B9B9CF /* AppDelegate.m in Sources */ = {isa = PBXBuildFile; fileRef = C6B8C9521B064BBC00B9B9CF /* AppDelegate.m */; };
		C6B8C9561B064BBC00B9B9CF /* perkAppsaholic.xcdatamodeld in Sources */ = {isa = PBXBuildFile; fileRef = C6B8C9541B064BBC00B9B9CF /* perkAppsaholic.xcdatamodeld */; };
		C6B8C9591B064BBC00B9B9CF /* ViewController.m in Sources */ = {isa = PBXBuildFile; fileRef = C6B8C9581B064BBC00B9B9CF /* ViewController.m */; };
		C6B8C95C1B064BBC00B9B9CF /* Main.storyboard in Resources */ = {isa = PBXBuildFile; fileRef = C6B8C95A1B064BBC00B9B9CF /* Main.storyboard */; };
		C6B8C95E1B064BBC00B9B9CF /* Images.xcassets in Resources */ = {isa = PBXBuildFile; fileRef = C6B8C95D1B064BBC00B9B9CF /* Images.xcassets */; };
		C6B8C9611B064BBC00B9B9CF /* LaunchScreen.xib in Resources */ = {isa = PBXBuildFile; fileRef = C6B8C95F1B064BBC00B9B9CF /* LaunchScreen.xib */; };
		C6B8C96D1B064BBC00B9B9CF /* perkAppsaholicTests.m in Sources */ = {isa = PBXBuildFile; fileRef = C6B8C96C1B064BBC00B9B9CF /* perkAppsaholicTests.m */; };
/* End PBXBuildFile section */

/* Begin PBXContainerItemProxy section */
		C6B8C9671B064BBC00B9B9CF /* PBXContainerItemProxy */ = {
			isa = PBXContainerItemProxy;
			containerPortal = C6B8C9421B064BBC00B9B9CF /* Project object */;
			proxyType = 1;
			remoteGlobalIDString = C6B8C9491B064BBC00B9B9CF;
			remoteInfo = perkAppsaholic;
		};
/* End PBXContainerItemProxy section */

/* Begin PBXFileReference section */
		C606AE3B1B07211E0039CA5B /* MWFeedParser.h */ = {isa = PBXFileReference; fileEncoding = 4; lastKnownFileType = sourcecode.c.h; path = MWFeedParser.h; sourceTree = "<group>"; };
		C606AE3C1B07211E0039CA5B /* MWFeedParser_Private.h */ = {isa = PBXFileReference; fileEncoding = 4; lastKnownFileType = sourcecode.c.h; path = MWFeedParser_Private.h; sourceTree = "<group>"; };
		C606AE3D1B07211E0039CA5B /* MWFeedParser.m */ = {isa = PBXFileReference; fileEncoding = 4; lastKnownFileType = sourcecode.c.objc; path = MWFeedParser.m; sourceTree = "<group>"; };
		C606AE3E1B07211E0039CA5B /* MWFeedInfo.h */ = {isa = PBXFileReference; fileEncoding = 4; lastKnownFileType = sourcecode.c.h; path = MWFeedInfo.h; sourceTree = "<group>"; };
		C606AE3F1B07211E0039CA5B /* MWFeedInfo.m */ = {isa = PBXFileReference; fileEncoding = 4; lastKnownFileType = sourcecode.c.objc; path = MWFeedInfo.m; sourceTree = "<group>"; };
		C606AE401B07211E0039CA5B /* MWFeedItem.h */ = {isa = PBXFileReference; fileEncoding = 4; lastKnownFileType = sourcecode.c.h; path = MWFeedItem.h; sourceTree = "<group>"; };
		C606AE411B07211E0039CA5B /* MWFeedItem.m */ = {isa = PBXFileReference; fileEncoding = 4; lastKnownFileType = sourcecode.c.objc; path = MWFeedItem.m; sourceTree = "<group>"; };
		C606AE451B0721290039CA5B /* NSString+HTML.h */ = {isa = PBXFileReference; fileEncoding = 4; lastKnownFileType = sourcecode.c.h; path = "NSString+HTML.h"; sourceTree = "<group>"; };
		C606AE461B0721290039CA5B /* NSString+HTML.m */ = {isa = PBXFileReference; fileEncoding = 4; lastKnownFileType = sourcecode.c.objc; path = "NSString+HTML.m"; sourceTree = "<group>"; };
		C606AE471B0721290039CA5B /* NSDate+InternetDateTime.h */ = {isa = PBXFileReference; fileEncoding = 4; lastKnownFileType = sourcecode.c.h; path = "NSDate+InternetDateTime.h"; sourceTree = "<group>"; };
		C606AE481B0721290039CA5B /* NSDate+InternetDateTime.m */ = {isa = PBXFileReference; fileEncoding = 4; lastKnownFileType = sourcecode.c.objc; path = "NSDate+InternetDateTime.m"; sourceTree = "<group>"; };
		C606AE4B1B07216A0039CA5B /* GTMNSString+HTML.h */ = {isa = PBXFileReference; fileEncoding = 4; lastKnownFileType = sourcecode.c.h; path = "GTMNSString+HTML.h"; sourceTree = "<group>"; };
		C606AE4C1B07216A0039CA5B /* GTMNSString+HTML.m */ = {isa = PBXFileReference; fileEncoding = 4; lastKnownFileType = sourcecode.c.objc; path = "GTMNSString+HTML.m"; sourceTree = "<group>"; };
		C606AE4E1B0734050039CA5B /* ArticleListing.h */ = {isa = PBXFileReference; fileEncoding = 4; lastKnownFileType = sourcecode.c.h; path = ArticleListing.h; sourceTree = "<group>"; };
		C606AE4F1B0734050039CA5B /* ArticleListing.m */ = {isa = PBXFileReference; fileEncoding = 4; lastKnownFileType = sourcecode.c.objc; path = ArticleListing.m; sourceTree = "<group>"; };
		C6240FE21B073A27005820C5 /* ArticleListingTable.h */ = {isa = PBXFileReference; fileEncoding = 4; lastKnownFileType = sourcecode.c.h; path = ArticleListingTable.h; sourceTree = "<group>"; };
		C6240FE31B073A27005820C5 /* ArticleListingTable.m */ = {isa = PBXFileReference; fileEncoding = 4; lastKnownFileType = sourcecode.c.objc; path = ArticleListingTable.m; sourceTree = "<group>"; };
		C6240FE51B0743C8005820C5 /* ArticleListingCell.xib */ = {isa = PBXFileReference; fileEncoding = 4; lastKnownFileType = file.xib; path = ArticleListingCell.xib; sourceTree = "<group>"; };
		C6240FE71B074437005820C5 /* ArticleListingCell.h */ = {isa = PBXFileReference; fileEncoding = 4; lastKnownFileType = sourcecode.c.h; path = ArticleListingCell.h; sourceTree = "<group>"; };
		C6240FE81B074437005820C5 /* ArticleListingCell.m */ = {isa = PBXFileReference; fileEncoding = 4; lastKnownFileType = sourcecode.c.objc; path = ArticleListingCell.m; sourceTree = "<group>"; };
		C6240FEB1B0748E9005820C5 /* Utilities.h */ = {isa = PBXFileReference; fileEncoding = 4; lastKnownFileType = sourcecode.c.h; path = Utilities.h; sourceTree = "<group>"; };
		C6240FEC1B0748E9005820C5 /* Utilities.m */ = {isa = PBXFileReference; fileEncoding = 4; lastKnownFileType = sourcecode.c.objc; path = Utilities.m; sourceTree = "<group>"; };
		C6240FF41B075FE5005820C5 /* ArticleDetailViewController.h */ = {isa = PBXFileReference; fileEncoding = 4; lastKnownFileType = sourcecode.c.h; path = ArticleDetailViewController.h; sourceTree = "<group>"; };
		C6240FF51B075FE5005820C5 /* ArticleDetailViewController.m */ = {isa = PBXFileReference; fileEncoding = 4; lastKnownFileType = sourcecode.c.objc; path = ArticleDetailViewController.m; sourceTree = "<group>"; };
		C6240FF71B076036005820C5 /* ArticleScrollView.h */ = {isa = PBXFileReference; fileEncoding = 4; lastKnownFileType = sourcecode.c.h; path = ArticleScrollView.h; sourceTree = "<group>"; };
		C6240FF81B076036005820C5 /* ArticleScrollView.m */ = {isa = PBXFileReference; fileEncoding = 4; lastKnownFileType = sourcecode.c.objc; path = ArticleScrollView.m; sourceTree = "<group>"; };
		C63311B61B06573A0099A6EC /* AerServSDK.framework */ = {isa = PBXFileReference; lastKnownFileType = wrapper.framework; path = AerServSDK.framework; sourceTree = "<group>"; };
		C63311B71B06573A0099A6EC /* VERSION */ = {isa = PBXFileReference; fileEncoding = 4; lastKnownFileType = text; path = VERSION; sourceTree = "<group>"; };
		C63311B81B06573A0099A6EC /* AppsaholicSDK.h */ = {isa = PBXFileReference; fileEncoding = 4; lastKnownFileType = sourcecode.c.h; path = AppsaholicSDK.h; sourceTree = "<group>"; };
		C63311B91B06573A0099A6EC /* AppsaholicSDK.podspec */ = {isa = PBXFileReference; fileEncoding = 4; lastKnownFileType = text; path = AppsaholicSDK.podspec; sourceTree = "<group>"; };
		C63311BB1B06573A0099A6EC /* FBAudienceNetwork.framework */ = {isa = PBXFileReference; lastKnownFileType = wrapper.framework; path = FBAudienceNetwork.framework; sourceTree = "<group>"; };
		C63311BC1B06573A0099A6EC /* FBAudienceNetwork.README.txt */ = {isa = PBXFileReference; fileEncoding = 4; lastKnownFileType = text; path = FBAudienceNetwork.README.txt; sourceTree = "<group>"; };
		C63311BD1B06573A0099A6EC /* LICENSE */ = {isa = PBXFileReference; fileEncoding = 4; lastKnownFileType = text; path = LICENSE; sourceTree = "<group>"; };
		C63311BE1B06573A0099A6EC /* README.txt */ = {isa = PBXFileReference; fileEncoding = 4; lastKnownFileType = text; path = README.txt; sourceTree = "<group>"; };
		C63311BF1B06573A0099A6EC /* libAppsaholicSDK-2.2.1.a */ = {isa = PBXFileReference; lastKnownFileType = archive.ar; path = "libAppsaholicSDK-2.2.1.a"; sourceTree = "<group>"; };
		C63311C01B06573A0099A6EC /* MBProgressHUD.h */ = {isa = PBXFileReference; fileEncoding = 4; lastKnownFileType = sourcecode.c.h; path = MBProgressHUD.h; sourceTree = "<group>"; };
		C63311C11B06573A0099A6EC /* MBProgressHUD.m */ = {isa = PBXFileReference; fileEncoding = 4; lastKnownFileType = sourcecode.c.objc; path = MBProgressHUD.m; sourceTree = "<group>"; };
		C63311C31B06573A0099A6EC /* pollfish.framework */ = {isa = PBXFileReference; lastKnownFileType = wrapper.framework; path = pollfish.framework; sourceTree = "<group>"; };
		C63311C41B06573A0099A6EC /* README.txt */ = {isa = PBXFileReference; fileEncoding = 4; lastKnownFileType = text; path = README.txt; sourceTree = "<group>"; };
		C63311C51B06573A0099A6EC /* Reachability.h */ = {isa = PBXFileReference; fileEncoding = 4; lastKnownFileType = sourcecode.c.h; path = Reachability.h; sourceTree = "<group>"; };
		C63311C61B06573A0099A6EC /* Reachability.m */ = {isa = PBXFileReference; fileEncoding = 4; lastKnownFileType = sourcecode.c.objc; path = Reachability.m; sourceTree = "<group>"; };
		C63311C81B06573A0099A6EC /* account.png */ = {isa = PBXFileReference; lastKnownFileType = image.png; path = account.png; sourceTree = "<group>"; };
		C63311C91B06573A0099A6EC /* back.png */ = {isa = PBXFileReference; lastKnownFileType = image.png; path = back.png; sourceTree = "<group>"; };
		C63311CA1B06573A0099A6EC /* close_button.png */ = {isa = PBXFileReference; lastKnownFileType = image.png; path = close_button.png; sourceTree = "<group>"; };
		C63311CB1B06573A0099A6EC /* exclaimation.png */ = {isa = PBXFileReference; lastKnownFileType = image.png; path = exclaimation.png; sourceTree = "<group>"; };
		C63311CC1B06573A0099A6EC /* icon_close.png */ = {isa = PBXFileReference; lastKnownFileType = image.png; path = icon_close.png; sourceTree = "<group>"; };
		C63311CD1B06573A0099A6EC /* icon_refresh.png */ = {isa = PBXFileReference; lastKnownFileType = image.png; path = icon_refresh.png; sourceTree = "<group>"; };
		C63311CE1B06573A0099A6EC /* info.png */ = {isa = PBXFileReference; lastKnownFileType = image.png; path = info.png; sourceTree = "<group>"; };
		C63311CF1B06573A0099A6EC /* info_circle.png */ = {isa = PBXFileReference; lastKnownFileType = image.png; path = info_circle.png; sourceTree = "<group>"; };
		C63311D01B06573A0099A6EC /* logo_perk.png */ = {isa = PBXFileReference; lastKnownFileType = image.png; path = logo_perk.png; sourceTree = "<group>"; };
		C63311D11B06573A0099A6EC /* perk_star.png */ = {isa = PBXFileReference; lastKnownFileType = image.png; path = perk_star.png; sourceTree = "<group>"; };
		C63311D21B06573A0099A6EC /* TempUnavailable.png */ = {isa = PBXFileReference; lastKnownFileType = image.png; path = TempUnavailable.png; sourceTree = "<group>"; };
		C63311D51B06573A0099A6EC /* __vungle.db */ = {isa = PBXFileReference; lastKnownFileType = file; path = __vungle.db; sourceTree = "<group>"; };
		C63311D61B06573A0099A6EC /* vg_close.png */ = {isa = PBXFileReference; lastKnownFileType = image.png; path = vg_close.png; sourceTree = "<group>"; };
		C63311D71B06573A0099A6EC /* vg_cta.png */ = {isa = PBXFileReference; lastKnownFileType = image.png; path = vg_cta.png; sourceTree = "<group>"; };
		C63311D81B06573A0099A6EC /* vg_mute_off.png */ = {isa = PBXFileReference; lastKnownFileType = image.png; path = vg_mute_off.png; sourceTree = "<group>"; };
		C63311D91B06573A0099A6EC /* vg_mute_on.png */ = {isa = PBXFileReference; lastKnownFileType = image.png; path = vg_mute_on.png; sourceTree = "<group>"; };
		C63311DA1B06573A0099A6EC /* vg_timer.png */ = {isa = PBXFileReference; lastKnownFileType = image.png; path = vg_timer.png; sourceTree = "<group>"; };
		C63311DB1B06573A0099A6EC /* VungleSDK.framework */ = {isa = PBXFileReference; lastKnownFileType = wrapper.framework; path = VungleSDK.framework; sourceTree = "<group>"; };
		C63311FA1B065D8B0099A6EC /* iAd.framework */ = {isa = PBXFileReference; lastKnownFileType = wrapper.framework; name = iAd.framework; path = System/Library/Frameworks/iAd.framework; sourceTree = SDKROOT; };
		C63311FC1B065DA80099A6EC /* MessageUI.framework */ = {isa = PBXFileReference; lastKnownFileType = wrapper.framework; name = MessageUI.framework; path = System/Library/Frameworks/MessageUI.framework; sourceTree = SDKROOT; };
		C63311FE1B065DB70099A6EC /* MediaPlayer.framework */ = {isa = PBXFileReference; lastKnownFileType = wrapper.framework; name = MediaPlayer.framework; path = System/Library/Frameworks/MediaPlayer.framework; sourceTree = SDKROOT; };
		C63312001B065DBD0099A6EC /* AdSupport.framework */ = {isa = PBXFileReference; lastKnownFileType = wrapper.framework; name = AdSupport.framework; path = System/Library/Frameworks/AdSupport.framework; sourceTree = SDKROOT; };
		C63312021B065DC30099A6EC /* CoreLocation.framework */ = {isa = PBXFileReference; lastKnownFileType = wrapper.framework; name = CoreLocation.framework; path = System/Library/Frameworks/CoreLocation.framework; sourceTree = SDKROOT; };
		C63312041B065DD70099A6EC /* libxml2.2.dylib */ = {isa = PBXFileReference; lastKnownFileType = "compiled.mach-o.dylib"; name = libxml2.2.dylib; path = usr/lib/libxml2.2.dylib; sourceTree = SDKROOT; };
		C63312061B065E030099A6EC /* SystemConfiguration.framework */ = {isa = PBXFileReference; lastKnownFileType = wrapper.framework; name = SystemConfiguration.framework; path = System/Library/Frameworks/SystemConfiguration.framework; sourceTree = SDKROOT; };
		C63312081B065E0F0099A6EC /* StoreKit.framework */ = {isa = PBXFileReference; lastKnownFileType = wrapper.framework; name = StoreKit.framework; path = System/Library/Frameworks/StoreKit.framework; sourceTree = SDKROOT; };
		C633120A1B065E170099A6EC /* CoreMotion.framework */ = {isa = PBXFileReference; lastKnownFileType = wrapper.framework; name = CoreMotion.framework; path = System/Library/Frameworks/CoreMotion.framework; sourceTree = SDKROOT; };
		C633120C1B065F040099A6EC /* CoreTelephony.framework */ = {isa = PBXFileReference; lastKnownFileType = wrapper.framework; name = CoreTelephony.framework; path = System/Library/Frameworks/CoreTelephony.framework; sourceTree = SDKROOT; };
		C6B8C94A1B064BBC00B9B9CF /* perkAppsaholic.app */ = {isa = PBXFileReference; explicitFileType = wrapper.application; includeInIndex = 0; path = perkAppsaholic.app; sourceTree = BUILT_PRODUCTS_DIR; };
		C6B8C94E1B064BBC00B9B9CF /* Info.plist */ = {isa = PBXFileReference; lastKnownFileType = text.plist.xml; path = Info.plist; sourceTree = "<group>"; };
		C6B8C94F1B064BBC00B9B9CF /* main.m */ = {isa = PBXFileReference; lastKnownFileType = sourcecode.c.objc; path = main.m; sourceTree = "<group>"; };
		C6B8C9511B064BBC00B9B9CF /* AppDelegate.h */ = {isa = PBXFileReference; lastKnownFileType = sourcecode.c.h; path = AppDelegate.h; sourceTree = "<group>"; };
		C6B8C9521B064BBC00B9B9CF /* AppDelegate.m */ = {isa = PBXFileReference; lastKnownFileType = sourcecode.c.objc; path = AppDelegate.m; sourceTree = "<group>"; };
		C6B8C9551B064BBC00B9B9CF /* perkAppsaholic.xcdatamodel */ = {isa = PBXFileReference; lastKnownFileType = wrapper.xcdatamodel; path = perkAppsaholic.xcdatamodel; sourceTree = "<group>"; };
		C6B8C9571B064BBC00B9B9CF /* ViewController.h */ = {isa = PBXFileReference; lastKnownFileType = sourcecode.c.h; path = ViewController.h; sourceTree = "<group>"; };
		C6B8C9581B064BBC00B9B9CF /* ViewController.m */ = {isa = PBXFileReference; lastKnownFileType = sourcecode.c.objc; path = ViewController.m; sourceTree = "<group>"; };
		C6B8C95B1B064BBC00B9B9CF /* Base */ = {isa = PBXFileReference; lastKnownFileType = file.storyboard; name = Base; path = Base.lproj/Main.storyboard; sourceTree = "<group>"; };
		C6B8C95D1B064BBC00B9B9CF /* Images.xcassets */ = {isa = PBXFileReference; lastKnownFileType = folder.assetcatalog; path = Images.xcassets; sourceTree = "<group>"; };
		C6B8C9601B064BBC00B9B9CF /* Base */ = {isa = PBXFileReference; lastKnownFileType = file.xib; name = Base; path = Base.lproj/LaunchScreen.xib; sourceTree = "<group>"; };
		C6B8C9661B064BBC00B9B9CF /* perkAppsaholicTests.xctest */ = {isa = PBXFileReference; explicitFileType = wrapper.cfbundle; includeInIndex = 0; path = perkAppsaholicTests.xctest; sourceTree = BUILT_PRODUCTS_DIR; };
		C6B8C96B1B064BBC00B9B9CF /* Info.plist */ = {isa = PBXFileReference; lastKnownFileType = text.plist.xml; path = Info.plist; sourceTree = "<group>"; };
		C6B8C96C1B064BBC00B9B9CF /* perkAppsaholicTests.m */ = {isa = PBXFileReference; lastKnownFileType = sourcecode.c.objc; path = perkAppsaholicTests.m; sourceTree = "<group>"; };
/* End PBXFileReference section */

/* Begin PBXFrameworksBuildPhase section */
		C6B8C9471B064BBC00B9B9CF /* Frameworks */ = {
			isa = PBXFrameworksBuildPhase;
			buildActionMask = 2147483647;
			files = (
				C633120D1B065F040099A6EC /* CoreTelephony.framework in Frameworks */,
				C633120B1B065E170099A6EC /* CoreMotion.framework in Frameworks */,
				C63312091B065E0F0099A6EC /* StoreKit.framework in Frameworks */,
				C63312071B065E030099A6EC /* SystemConfiguration.framework in Frameworks */,
				C63312051B065DD70099A6EC /* libxml2.2.dylib in Frameworks */,
				C63312031B065DC30099A6EC /* CoreLocation.framework in Frameworks */,
				C63312011B065DBD0099A6EC /* AdSupport.framework in Frameworks */,
				C63311FF1B065DB70099A6EC /* MediaPlayer.framework in Frameworks */,
				C63311FD1B065DA80099A6EC /* MessageUI.framework in Frameworks */,
				C63311FB1B065D8B0099A6EC /* iAd.framework in Frameworks */,
				C63311DC1B06573A0099A6EC /* AerServSDK.framework in Frameworks */,
				C63311E31B06573A0099A6EC /* libAppsaholicSDK-2.2.1.a in Frameworks */,
				C63311DF1B06573A0099A6EC /* FBAudienceNetwork.framework in Frameworks */,
				C63311F91B06573A0099A6EC /* VungleSDK.framework in Frameworks */,
				C63311E51B06573A0099A6EC /* pollfish.framework in Frameworks */,
			);
			runOnlyForDeploymentPostprocessing = 0;
		};
		C6B8C9631B064BBC00B9B9CF /* Frameworks */ = {
			isa = PBXFrameworksBuildPhase;
			buildActionMask = 2147483647;
			files = (
			);
			runOnlyForDeploymentPostprocessing = 0;
		};
/* End PBXFrameworksBuildPhase section */

/* Begin PBXGroup section */
		C606AE371B071FBA0039CA5B /* Controllers */ = {
			isa = PBXGroup;
			children = (
				C606AE4E1B0734050039CA5B /* ArticleListing.h */,
				C606AE4F1B0734050039CA5B /* ArticleListing.m */,
				C6240FF41B075FE5005820C5 /* ArticleDetailViewController.h */,
				C6240FF51B075FE5005820C5 /* ArticleDetailViewController.m */,
			);
			path = Controllers;
			sourceTree = "<group>";
		};
		C606AE381B071FBA0039CA5B /* Model */ = {
			isa = PBXGroup;
			children = (
			);
			path = Model;
			sourceTree = "<group>";
		};
		C606AE391B071FBA0039CA5B /* Views */ = {
			isa = PBXGroup;
			children = (
				C6240FE21B073A27005820C5 /* ArticleListingTable.h */,
				C6240FE31B073A27005820C5 /* ArticleListingTable.m */,
				C6240FE51B0743C8005820C5 /* ArticleListingCell.xib */,
				C6240FE71B074437005820C5 /* ArticleListingCell.h */,
				C6240FE81B074437005820C5 /* ArticleListingCell.m */,
				C6240FF71B076036005820C5 /* ArticleScrollView.h */,
				C6240FF81B076036005820C5 /* ArticleScrollView.m */,
			);
			path = Views;
			sourceTree = "<group>";
		};
		C606AE3A1B0720B60039CA5B /* FeedParser */ = {
			isa = PBXGroup;
			children = (
				C606AE4B1B07216A0039CA5B /* GTMNSString+HTML.h */,
				C606AE4C1B07216A0039CA5B /* GTMNSString+HTML.m */,
				C606AE451B0721290039CA5B /* NSString+HTML.h */,
				C606AE461B0721290039CA5B /* NSString+HTML.m */,
				C606AE471B0721290039CA5B /* NSDate+InternetDateTime.h */,
				C606AE481B0721290039CA5B /* NSDate+InternetDateTime.m */,
				C606AE3B1B07211E0039CA5B /* MWFeedParser.h */,
				C606AE3C1B07211E0039CA5B /* MWFeedParser_Private.h */,
				C606AE3D1B07211E0039CA5B /* MWFeedParser.m */,
				C606AE3E1B07211E0039CA5B /* MWFeedInfo.h */,
				C606AE3F1B07211E0039CA5B /* MWFeedInfo.m */,
				C606AE401B07211E0039CA5B /* MWFeedItem.h */,
				C606AE411B07211E0039CA5B /* MWFeedItem.m */,
			);
			path = FeedParser;
			sourceTree = "<group>";
		};
		C6240FEA1B0748D7005820C5 /* Utilities */ = {
			isa = PBXGroup;
			children = (
				C6240FEB1B0748E9005820C5 /* Utilities.h */,
				C6240FEC1B0748E9005820C5 /* Utilities.m */,
			);
			path = Utilities;
			sourceTree = "<group>";
		};
		C63311B21B06573A0099A6EC /* ThirdPartyLib */ = {
			isa = PBXGroup;
			children = (
				C606AE3A1B0720B60039CA5B /* FeedParser */,
				C63311B31B06573A0099A6EC /* AppsaholicUniversalSDK */,
			);
			path = ThirdPartyLib;
			sourceTree = "<group>";
		};
		C63311B31B06573A0099A6EC /* AppsaholicUniversalSDK */ = {
			isa = PBXGroup;
			children = (
				C63311B41B06573A0099A6EC /* aerserv-ios-sdk-min */,
				C63311B81B06573A0099A6EC /* AppsaholicSDK.h */,
				C63311B91B06573A0099A6EC /* AppsaholicSDK.podspec */,
				C63311BA1B06573A0099A6EC /* FacebookSDK */,
				C63311BF1B06573A0099A6EC /* libAppsaholicSDK-2.2.1.a */,
				C63311C01B06573A0099A6EC /* MBProgressHUD.h */,
				C63311C11B06573A0099A6EC /* MBProgressHUD.m */,
				C63311C21B06573A0099A6EC /* PollfishSDK */,
				C63311C51B06573A0099A6EC /* Reachability.h */,
				C63311C61B06573A0099A6EC /* Reachability.m */,
				C63311C71B06573A0099A6EC /* Resources */,
				C63311D31B06573A0099A6EC /* VungleSDK.embeddedframework */,
			);
			path = AppsaholicUniversalSDK;
			sourceTree = "<group>";
		};
		C63311B41B06573A0099A6EC /* aerserv-ios-sdk-min */ = {
			isa = PBXGroup;
			children = (
				C63311B51B06573A0099A6EC /* lib */,
				C63311B71B06573A0099A6EC /* VERSION */,
			);
			path = "aerserv-ios-sdk-min";
			sourceTree = "<group>";
		};
		C63311B51B06573A0099A6EC /* lib */ = {
			isa = PBXGroup;
			children = (
				C63311B61B06573A0099A6EC /* AerServSDK.framework */,
			);
			path = lib;
			sourceTree = "<group>";
		};
		C63311BA1B06573A0099A6EC /* FacebookSDK */ = {
			isa = PBXGroup;
			children = (
				C63311BB1B06573A0099A6EC /* FBAudienceNetwork.framework */,
				C63311BC1B06573A0099A6EC /* FBAudienceNetwork.README.txt */,
				C63311BD1B06573A0099A6EC /* LICENSE */,
				C63311BE1B06573A0099A6EC /* README.txt */,
			);
			path = FacebookSDK;
			sourceTree = "<group>";
		};
		C63311C21B06573A0099A6EC /* PollfishSDK */ = {
			isa = PBXGroup;
			children = (
				C63311C31B06573A0099A6EC /* pollfish.framework */,
				C63311C41B06573A0099A6EC /* README.txt */,
			);
			path = PollfishSDK;
			sourceTree = "<group>";
		};
		C63311C71B06573A0099A6EC /* Resources */ = {
			isa = PBXGroup;
			children = (
				C63311C81B06573A0099A6EC /* account.png */,
				C63311C91B06573A0099A6EC /* back.png */,
				C63311CA1B06573A0099A6EC /* close_button.png */,
				C63311CB1B06573A0099A6EC /* exclaimation.png */,
				C63311CC1B06573A0099A6EC /* icon_close.png */,
				C63311CD1B06573A0099A6EC /* icon_refresh.png */,
				C63311CE1B06573A0099A6EC /* info.png */,
				C63311CF1B06573A0099A6EC /* info_circle.png */,
				C63311D01B06573A0099A6EC /* logo_perk.png */,
				C63311D11B06573A0099A6EC /* perk_star.png */,
				C63311D21B06573A0099A6EC /* TempUnavailable.png */,
			);
			path = Resources;
			sourceTree = "<group>";
		};
		C63311D31B06573A0099A6EC /* VungleSDK.embeddedframework */ = {
			isa = PBXGroup;
			children = (
				C63311D41B06573A0099A6EC /* Resources */,
				C63311DB1B06573A0099A6EC /* VungleSDK.framework */,
			);
			path = VungleSDK.embeddedframework;
			sourceTree = "<group>";
		};
		C63311D41B06573A0099A6EC /* Resources */ = {
			isa = PBXGroup;
			children = (
				C63311D51B06573A0099A6EC /* __vungle.db */,
				C63311D61B06573A0099A6EC /* vg_close.png */,
				C63311D71B06573A0099A6EC /* vg_cta.png */,
				C63311D81B06573A0099A6EC /* vg_mute_off.png */,
				C63311D91B06573A0099A6EC /* vg_mute_on.png */,
				C63311DA1B06573A0099A6EC /* vg_timer.png */,
			);
			path = Resources;
			sourceTree = "<group>";
		};
		C6B8C9411B064BBC00B9B9CF = {
			isa = PBXGroup;
			children = (
				C633120C1B065F040099A6EC /* CoreTelephony.framework */,
				C633120A1B065E170099A6EC /* CoreMotion.framework */,
				C63312081B065E0F0099A6EC /* StoreKit.framework */,
				C63312061B065E030099A6EC /* SystemConfiguration.framework */,
				C63312041B065DD70099A6EC /* libxml2.2.dylib */,
				C63312021B065DC30099A6EC /* CoreLocation.framework */,
				C63312001B065DBD0099A6EC /* AdSupport.framework */,
				C63311FE1B065DB70099A6EC /* MediaPlayer.framework */,
				C63311FC1B065DA80099A6EC /* MessageUI.framework */,
				C63311FA1B065D8B0099A6EC /* iAd.framework */,
				C6B8C94C1B064BBC00B9B9CF /* perkAppsaholic */,
				C6B8C9691B064BBC00B9B9CF /* perkAppsaholicTests */,
				C6B8C94B1B064BBC00B9B9CF /* Products */,
			);
			sourceTree = "<group>";
		};
		C6B8C94B1B064BBC00B9B9CF /* Products */ = {
			isa = PBXGroup;
			children = (
				C6B8C94A1B064BBC00B9B9CF /* perkAppsaholic.app */,
				C6B8C9661B064BBC00B9B9CF /* perkAppsaholicTests.xctest */,
			);
			name = Products;
			sourceTree = "<group>";
		};
		C6B8C94C1B064BBC00B9B9CF /* perkAppsaholic */ = {
			isa = PBXGroup;
			children = (
				C6240FEA1B0748D7005820C5 /* Utilities */,
				C606AE371B071FBA0039CA5B /* Controllers */,
				C606AE381B071FBA0039CA5B /* Model */,
				C606AE391B071FBA0039CA5B /* Views */,
				C63311B21B06573A0099A6EC /* ThirdPartyLib */,
				C6B8C9511B064BBC00B9B9CF /* AppDelegate.h */,
				C6B8C9521B064BBC00B9B9CF /* AppDelegate.m */,
				C6B8C9571B064BBC00B9B9CF /* ViewController.h */,
				C6B8C9581B064BBC00B9B9CF /* ViewController.m */,
				C6B8C95A1B064BBC00B9B9CF /* Main.storyboard */,
				C6B8C95D1B064BBC00B9B9CF /* Images.xcassets */,
				C6B8C95F1B064BBC00B9B9CF /* LaunchScreen.xib */,
				C6B8C9541B064BBC00B9B9CF /* perkAppsaholic.xcdatamodeld */,
				C6B8C94D1B064BBC00B9B9CF /* Supporting Files */,
			);
			path = perkAppsaholic;
			sourceTree = "<group>";
		};
		C6B8C94D1B064BBC00B9B9CF /* Supporting Files */ = {
			isa = PBXGroup;
			children = (
				C6B8C94E1B064BBC00B9B9CF /* Info.plist */,
				C6B8C94F1B064BBC00B9B9CF /* main.m */,
			);
			name = "Supporting Files";
			sourceTree = "<group>";
		};
		C6B8C9691B064BBC00B9B9CF /* perkAppsaholicTests */ = {
			isa = PBXGroup;
			children = (
				C6B8C96C1B064BBC00B9B9CF /* perkAppsaholicTests.m */,
				C6B8C96A1B064BBC00B9B9CF /* Supporting Files */,
			);
			path = perkAppsaholicTests;
			sourceTree = "<group>";
		};
		C6B8C96A1B064BBC00B9B9CF /* Supporting Files */ = {
			isa = PBXGroup;
			children = (
				C6B8C96B1B064BBC00B9B9CF /* Info.plist */,
			);
			name = "Supporting Files";
			sourceTree = "<group>";
		};
/* End PBXGroup section */

/* Begin PBXNativeTarget section */
		C6B8C9491B064BBC00B9B9CF /* perkAppsaholic */ = {
			isa = PBXNativeTarget;
			buildConfigurationList = C6B8C9701B064BBC00B9B9CF /* Build configuration list for PBXNativeTarget "perkAppsaholic" */;
			buildPhases = (
				C6B8C9461B064BBC00B9B9CF /* Sources */,
				C6B8C9471B064BBC00B9B9CF /* Frameworks */,
				C6B8C9481B064BBC00B9B9CF /* Resources */,
			);
			buildRules = (
			);
			dependencies = (
			);
			name = perkAppsaholic;
			productName = perkAppsaholic;
			productReference = C6B8C94A1B064BBC00B9B9CF /* perkAppsaholic.app */;
			productType = "com.apple.product-type.application";
		};
		C6B8C9651B064BBC00B9B9CF /* perkAppsaholicTests */ = {
			isa = PBXNativeTarget;
			buildConfigurationList = C6B8C9731B064BBC00B9B9CF /* Build configuration list for PBXNativeTarget "perkAppsaholicTests" */;
			buildPhases = (
				C6B8C9621B064BBC00B9B9CF /* Sources */,
				C6B8C9631B064BBC00B9B9CF /* Frameworks */,
				C6B8C9641B064BBC00B9B9CF /* Resources */,
			);
			buildRules = (
			);
			dependencies = (
				C6B8C9681B064BBC00B9B9CF /* PBXTargetDependency */,
			);
			name = perkAppsaholicTests;
			productName = perkAppsaholicTests;
			productReference = C6B8C9661B064BBC00B9B9CF /* perkAppsaholicTests.xctest */;
			productType = "com.apple.product-type.bundle.unit-test";
		};
/* End PBXNativeTarget section */

/* Begin PBXProject section */
		C6B8C9421B064BBC00B9B9CF /* Project object */ = {
			isa = PBXProject;
			attributes = {
				LastUpgradeCheck = 0630;
				ORGANIZATIONNAME = "RanjithKumar Matheswaran";
				TargetAttributes = {
					C6B8C9491B064BBC00B9B9CF = {
						CreatedOnToolsVersion = 6.3;
					};
					C6B8C9651B064BBC00B9B9CF = {
						CreatedOnToolsVersion = 6.3;
						TestTargetID = C6B8C9491B064BBC00B9B9CF;
					};
				};
			};
			buildConfigurationList = C6B8C9451B064BBC00B9B9CF /* Build configuration list for PBXProject "perkAppsaholic" */;
			compatibilityVersion = "Xcode 3.2";
			developmentRegion = English;
			hasScannedForEncodings = 0;
			knownRegions = (
				en,
				Base,
			);
			mainGroup = C6B8C9411B064BBC00B9B9CF;
			productRefGroup = C6B8C94B1B064BBC00B9B9CF /* Products */;
			projectDirPath = "";
			projectRoot = "";
			targets = (
				C6B8C9491B064BBC00B9B9CF /* perkAppsaholic */,
				C6B8C9651B064BBC00B9B9CF /* perkAppsaholicTests */,
			);
		};
/* End PBXProject section */

/* Begin PBXResourcesBuildPhase section */
		C6B8C9481B064BBC00B9B9CF /* Resources */ = {
			isa = PBXResourcesBuildPhase;
			buildActionMask = 2147483647;
			files = (
				C63311F51B06573A0099A6EC /* vg_cta.png in Resources */,
				C63311EA1B06573A0099A6EC /* close_button.png in Resources */,
				C63311F31B06573A0099A6EC /* __vungle.db in Resources */,
				C63311F61B06573A0099A6EC /* vg_mute_off.png in Resources */,
				C63311F11B06573A0099A6EC /* perk_star.png in Resources */,
				C63311E01B06573A0099A6EC /* FBAudienceNetwork.README.txt in Resources */,
				C63311E81B06573A0099A6EC /* account.png in Resources */,
				C63311E61B06573A0099A6EC /* README.txt in Resources */,
				C63311F01B06573A0099A6EC /* logo_perk.png in Resources */,
				C6B8C95C1B064BBC00B9B9CF /* Main.storyboard in Resources */,
				C63311DD1B06573A0099A6EC /* VERSION in Resources */,
				C6240FE61B0743C8005820C5 /* ArticleListingCell.xib in Resources */,
				C63311EB1B06573A0099A6EC /* exclaimation.png in Resources */,
				C63311EE1B06573A0099A6EC /* info.png in Resources */,
				C63311EF1B06573A0099A6EC /* info_circle.png in Resources */,
				C63311E11B06573A0099A6EC /* LICENSE in Resources */,
				C63311F21B06573A0099A6EC /* TempUnavailable.png in Resources */,
				C63311ED1B06573A0099A6EC /* icon_refresh.png in Resources */,
				C63311DE1B06573A0099A6EC /* AppsaholicSDK.podspec in Resources */,
				C63311E91B06573A0099A6EC /* back.png in Resources */,
				C63311F41B06573A0099A6EC /* vg_close.png in Resources */,
				C6B8C9611B064BBC00B9B9CF /* LaunchScreen.xib in Resources */,
				C63311F71B06573A0099A6EC /* vg_mute_on.png in Resources */,
				C63311E21B06573A0099A6EC /* README.txt in Resources */,
				C6B8C95E1B064BBC00B9B9CF /* Images.xcassets in Resources */,
				C63311F81B06573A0099A6EC /* vg_timer.png in Resources */,
				C63311EC1B06573A0099A6EC /* icon_close.png in Resources */,
			);
			runOnlyForDeploymentPostprocessing = 0;
		};
		C6B8C9641B064BBC00B9B9CF /* Resources */ = {
			isa = PBXResourcesBuildPhase;
			buildActionMask = 2147483647;
			files = (
			);
			runOnlyForDeploymentPostprocessing = 0;
		};
/* End PBXResourcesBuildPhase section */

/* Begin PBXSourcesBuildPhase section */
		C6B8C9461B064BBC00B9B9CF /* Sources */ = {
			isa = PBXSourcesBuildPhase;
			buildActionMask = 2147483647;
			files = (
				C6B8C9531B064BBC00B9B9CF /* AppDelegate.m in Sources */,
				C6B8C9561B064BBC00B9B9CF /* perkAppsaholic.xcdatamodeld in Sources */,
				C6240FF61B075FE5005820C5 /* ArticleDetailViewController.m in Sources */,
				C6240FED1B0748E9005820C5 /* Utilities.m in Sources */,
				C606AE491B0721290039CA5B /* NSString+HTML.m in Sources */,
				C6240FE91B074437005820C5 /* ArticleListingCell.m in Sources */,
				C6240FF91B076036005820C5 /* ArticleScrollView.m in Sources */,
				C606AE421B07211E0039CA5B /* MWFeedParser.m in Sources */,
				C606AE441B07211E0039CA5B /* MWFeedItem.m in Sources */,
				C606AE4D1B07216A0039CA5B /* GTMNSString+HTML.m in Sources */,
				C606AE431B07211E0039CA5B /* MWFeedInfo.m in Sources */,
				C63311E41B06573A0099A6EC /* MBProgressHUD.m in Sources */,
				C606AE4A1B0721290039CA5B /* NSDate+InternetDateTime.m in Sources */,
				C6B8C9591B064BBC00B9B9CF /* ViewController.m in Sources */,
				C63311E71B06573A0099A6EC /* Reachability.m in Sources */,
				C606AE501B0734050039CA5B /* ArticleListing.m in Sources */,
				C6240FE41B073A27005820C5 /* ArticleListingTable.m in Sources */,
				C6B8C9501B064BBC00B9B9CF /* main.m in Sources */,
			);
			runOnlyForDeploymentPostprocessing = 0;
		};
		C6B8C9621B064BBC00B9B9CF /* Sources */ = {
			isa = PBXSourcesBuildPhase;
			buildActionMask = 2147483647;
			files = (
				C6B8C96D1B064BBC00B9B9CF /* perkAppsaholicTests.m in Sources */,
			);
			runOnlyForDeploymentPostprocessing = 0;
		};
/* End PBXSourcesBuildPhase section */

/* Begin PBXTargetDependency section */
		C6B8C9681B064BBC00B9B9CF /* PBXTargetDependency */ = {
			isa = PBXTargetDependency;
			target = C6B8C9491B064BBC00B9B9CF /* perkAppsaholic */;
			targetProxy = C6B8C9671B064BBC00B9B9CF /* PBXContainerItemProxy */;
		};
/* End PBXTargetDependency section */

/* Begin PBXVariantGroup section */
		C6B8C95A1B064BBC00B9B9CF /* Main.storyboard */ = {
			isa = PBXVariantGroup;
			children = (
				C6B8C95B1B064BBC00B9B9CF /* Base */,
			);
			name = Main.storyboard;
			sourceTree = "<group>";
		};
		C6B8C95F1B064BBC00B9B9CF /* LaunchScreen.xib */ = {
			isa = PBXVariantGroup;
			children = (
				C6B8C9601B064BBC00B9B9CF /* Base */,
			);
			name = LaunchScreen.xib;
			sourceTree = "<group>";
		};
/* End PBXVariantGroup section */

/* Begin XCBuildConfiguration section */
		C6B8C96E1B064BBC00B9B9CF /* Debug */ = {
			isa = XCBuildConfiguration;
			buildSettings = {
				ALWAYS_SEARCH_USER_PATHS = NO;
				CLANG_CXX_LANGUAGE_STANDARD = "gnu++0x";
				CLANG_CXX_LIBRARY = "libc++";
				CLANG_ENABLE_MODULES = YES;
				CLANG_ENABLE_OBJC_ARC = YES;
				CLANG_WARN_BOOL_CONVERSION = YES;
				CLANG_WARN_CONSTANT_CONVERSION = YES;
				CLANG_WARN_DIRECT_OBJC_ISA_USAGE = YES_ERROR;
				CLANG_WARN_EMPTY_BODY = YES;
				CLANG_WARN_ENUM_CONVERSION = YES;
				CLANG_WARN_INT_CONVERSION = YES;
				CLANG_WARN_OBJC_ROOT_CLASS = YES_ERROR;
				CLANG_WARN_UNREACHABLE_CODE = YES;
				CLANG_WARN__DUPLICATE_METHOD_MATCH = YES;
				"CODE_SIGN_IDENTITY[sdk=iphoneos*]" = "iPhone Developer";
				COPY_PHASE_STRIP = NO;
				DEBUG_INFORMATION_FORMAT = "dwarf-with-dsym";
				ENABLE_STRICT_OBJC_MSGSEND = YES;
				GCC_C_LANGUAGE_STANDARD = gnu99;
				GCC_DYNAMIC_NO_PIC = NO;
				GCC_NO_COMMON_BLOCKS = YES;
				GCC_OPTIMIZATION_LEVEL = 0;
				GCC_PREPROCESSOR_DEFINITIONS = (
					"DEBUG=1",
					"$(inherited)",
				);
				GCC_SYMBOLS_PRIVATE_EXTERN = NO;
				GCC_WARN_64_TO_32_BIT_CONVERSION = YES;
				GCC_WARN_ABOUT_RETURN_TYPE = YES_ERROR;
				GCC_WARN_UNDECLARED_SELECTOR = YES;
				GCC_WARN_UNINITIALIZED_AUTOS = YES_AGGRESSIVE;
				GCC_WARN_UNUSED_FUNCTION = YES;
				GCC_WARN_UNUSED_VARIABLE = YES;
				IPHONEOS_DEPLOYMENT_TARGET = 8.3;
				MTL_ENABLE_DEBUG_INFO = YES;
				ONLY_ACTIVE_ARCH = YES;
				SDKROOT = iphoneos;
			};
			name = Debug;
		};
		C6B8C96F1B064BBC00B9B9CF /* Release */ = {
			isa = XCBuildConfiguration;
			buildSettings = {
				ALWAYS_SEARCH_USER_PATHS = NO;
				CLANG_CXX_LANGUAGE_STANDARD = "gnu++0x";
				CLANG_CXX_LIBRARY = "libc++";
				CLANG_ENABLE_MODULES = YES;
				CLANG_ENABLE_OBJC_ARC = YES;
				CLANG_WARN_BOOL_CONVERSION = YES;
				CLANG_WARN_CONSTANT_CONVERSION = YES;
				CLANG_WARN_DIRECT_OBJC_ISA_USAGE = YES_ERROR;
				CLANG_WARN_EMPTY_BODY = YES;
				CLANG_WARN_ENUM_CONVERSION = YES;
				CLANG_WARN_INT_CONVERSION = YES;
				CLANG_WARN_OBJC_ROOT_CLASS = YES_ERROR;
				CLANG_WARN_UNREACHABLE_CODE = YES;
				CLANG_WARN__DUPLICATE_METHOD_MATCH = YES;
				"CODE_SIGN_IDENTITY[sdk=iphoneos*]" = "iPhone Developer";
				COPY_PHASE_STRIP = NO;
				DEBUG_INFORMATION_FORMAT = "dwarf-with-dsym";
				ENABLE_NS_ASSERTIONS = NO;
				ENABLE_STRICT_OBJC_MSGSEND = YES;
				GCC_C_LANGUAGE_STANDARD = gnu99;
				GCC_NO_COMMON_BLOCKS = YES;
				GCC_WARN_64_TO_32_BIT_CONVERSION = YES;
				GCC_WARN_ABOUT_RETURN_TYPE = YES_ERROR;
				GCC_WARN_UNDECLARED_SELECTOR = YES;
				GCC_WARN_UNINITIALIZED_AUTOS = YES_AGGRESSIVE;
				GCC_WARN_UNUSED_FUNCTION = YES;
				GCC_WARN_UNUSED_VARIABLE = YES;
				IPHONEOS_DEPLOYMENT_TARGET = 8.3;
				MTL_ENABLE_DEBUG_INFO = NO;
				SDKROOT = iphoneos;
				VALIDATE_PRODUCT = YES;
			};
			name = Release;
		};
		C6B8C9711B064BBC00B9B9CF /* Debug */ = {
			isa = XCBuildConfiguration;
			buildSettings = {
				ASSETCATALOG_COMPILER_APPICON_NAME = AppIcon;
				FRAMEWORK_SEARCH_PATHS = (
					"$(inherited)",
					"$(PROJECT_DIR)/perkAppsaholic/ThirdPartyLib/AppsaholicUniversalSDK/aerserv-ios-sdk-min/lib",
					"$(PROJECT_DIR)/perkAppsaholic/ThirdPartyLib/AppsaholicUniversalSDK/FacebookSDK",
					"$(PROJECT_DIR)/perkAppsaholic/ThirdPartyLib/AppsaholicUniversalSDK/PollfishSDK",
					"$(PROJECT_DIR)/perkAppsaholic/ThirdPartyLib/AppsaholicUniversalSDK/VungleSDK.embeddedframework",
				);
				INFOPLIST_FILE = perkAppsaholic/Info.plist;
				IPHONEOS_DEPLOYMENT_TARGET = 8.2;
				LD_RUNPATH_SEARCH_PATHS = "$(inherited) @executable_path/Frameworks";
				LIBRARY_SEARCH_PATHS = (
					"$(inherited)",
					"$(PROJECT_DIR)/perkAppsaholic/ThirdPartyLib/AppsaholicUniversalSDK",
				);
				PRODUCT_NAME = "$(TARGET_NAME)";
			};
			name = Debug;
		};
		C6B8C9721B064BBC00B9B9CF /* Release */ = {
			isa = XCBuildConfiguration;
			buildSettings = {
				ASSETCATALOG_COMPILER_APPICON_NAME = AppIcon;
				FRAMEWORK_SEARCH_PATHS = (
					"$(inherited)",
					"$(PROJECT_DIR)/perkAppsaholic/ThirdPartyLib/AppsaholicUniversalSDK/aerserv-ios-sdk-min/lib",
					"$(PROJECT_DIR)/perkAppsaholic/ThirdPartyLib/AppsaholicUniversalSDK/FacebookSDK",
					"$(PROJECT_DIR)/perkAppsaholic/ThirdPartyLib/AppsaholicUniversalSDK/PollfishSDK",
					"$(PROJECT_DIR)/perkAppsaholic/ThirdPartyLib/AppsaholicUniversalSDK/VungleSDK.embeddedframework",
				);
				INFOPLIST_FILE = perkAppsaholic/Info.plist;
				IPHONEOS_DEPLOYMENT_TARGET = 8.2;
				LD_RUNPATH_SEARCH_PATHS = "$(inherited) @executable_path/Frameworks";
				LIBRARY_SEARCH_PATHS = (
					"$(inherited)",
					"$(PROJECT_DIR)/perkAppsaholic/ThirdPartyLib/AppsaholicUniversalSDK",
				);
				PRODUCT_NAME = "$(TARGET_NAME)";
			};
			name = Release;
		};
		C6B8C9741B064BBC00B9B9CF /* Debug */ = {
			isa = XCBuildConfiguration;
			buildSettings = {
				BUNDLE_LOADER = "$(TEST_HOST)";
				FRAMEWORK_SEARCH_PATHS = (
					"$(SDKROOT)/Developer/Library/Frameworks",
					"$(inherited)",
				);
				GCC_PREPROCESSOR_DEFINITIONS = (
					"DEBUG=1",
					"$(inherited)",
				);
				INFOPLIST_FILE = perkAppsaholicTests/Info.plist;
				LD_RUNPATH_SEARCH_PATHS = "$(inherited) @executable_path/Frameworks @loader_path/Frameworks";
				PRODUCT_NAME = "$(TARGET_NAME)";
				TEST_HOST = "$(BUILT_PRODUCTS_DIR)/perkAppsaholic.app/perkAppsaholic";
			};
			name = Debug;
		};
		C6B8C9751B064BBC00B9B9CF /* Release */ = {
			isa = XCBuildConfiguration;
			buildSettings = {
				BUNDLE_LOADER = "$(TEST_HOST)";
				FRAMEWORK_SEARCH_PATHS = (
					"$(SDKROOT)/Developer/Library/Frameworks",
					"$(inherited)",
				);
				INFOPLIST_FILE = perkAppsaholicTests/Info.plist;
				LD_RUNPATH_SEARCH_PATHS = "$(inherited) @executable_path/Frameworks @loader_path/Frameworks";
				PRODUCT_NAME = "$(TARGET_NAME)";
				TEST_HOST = "$(BUILT_PRODUCTS_DIR)/perkAppsaholic.app/perkAppsaholic";
			};
			name = Release;
		};
/* End XCBuildConfiguration section */

/* Begin XCConfigurationList section */
		C6B8C9451B064BBC00B9B9CF /* Build configuration list for PBXProject "perkAppsaholic" */ = {
			isa = XCConfigurationList;
			buildConfigurations = (
				C6B8C96E1B064BBC00B9B9CF /* Debug */,
				C6B8C96F1B064BBC00B9B9CF /* Release */,
			);
			defaultConfigurationIsVisible = 0;
			defaultConfigurationName = Release;
		};
		C6B8C9701B064BBC00B9B9CF /* Build configuration list for PBXNativeTarget "perkAppsaholic" */ = {
			isa = XCConfigurationList;
			buildConfigurations = (
				C6B8C9711B064BBC00B9B9CF /* Debug */,
				C6B8C9721B064BBC00B9B9CF /* Release */,
			);
			defaultConfigurationIsVisible = 0;
			defaultConfigurationName = Release;
		};
		C6B8C9731B064BBC00B9B9CF /* Build configuration list for PBXNativeTarget "perkAppsaholicTests" */ = {
			isa = XCConfigurationList;
			buildConfigurations = (
				C6B8C9741B064BBC00B9B9CF /* Debug */,
				C6B8C9751B064BBC00B9B9CF /* Release */,
			);
			defaultConfigurationIsVisible = 0;
			defaultConfigurationName = Release;
		};
/* End XCConfigurationList section */

/* Begin XCVersionGroup section */
		C6B8C9541B064BBC00B9B9CF /* perkAppsaholic.xcdatamodeld */ = {
			isa = XCVersionGroup;
			children = (
				C6B8C9551B064BBC00B9B9CF /* perkAppsaholic.xcdatamodel */,
			);
			currentVersion = C6B8C9551B064BBC00B9B9CF /* perkAppsaholic.xcdatamodel */;
			path = perkAppsaholic.xcdatamodeld;
			sourceTree = "<group>";
			versionGroupType = wrapper.xcdatamodel;
		};
/* End XCVersionGroup section */
	};
	rootObject = C6B8C9421B064BBC00B9B9CF /* Project object */;
}
