// !$*UTF8*$!
{
	archiveVersion = 1;
	classes = {
	};
	objectVersion = 46;
	objects = {

/* Begin PBXBuildFile section */
		AB9A1918187010D0FAB7B2E2 /* libPods-perkAppsaholic.a in Frameworks */ = {isa = PBXBuildFile; fileRef = F42C8077D9E774F6654E7640 /* libPods-perkAppsaholic.a */; };
		C606AE501B0734050039CA5B /* ArticleListing.m in Sources */ = {isa = PBXBuildFile; fileRef = C606AE4F1B0734050039CA5B /* ArticleListing.m */; };
		C6240FE41B073A27005820C5 /* ArticleListingTable.m in Sources */ = {isa = PBXBuildFile; fileRef = C6240FE31B073A27005820C5 /* ArticleListingTable.m */; };
		C6240FE61B0743C8005820C5 /* ArticleListingCell.xib in Resources */ = {isa = PBXBuildFile; fileRef = C6240FE51B0743C8005820C5 /* ArticleListingCell.xib */; };
		C6240FE91B074437005820C5 /* ArticleListingCell.m in Sources */ = {isa = PBXBuildFile; fileRef = C6240FE81B074437005820C5 /* ArticleListingCell.m */; };
		C6240FED1B0748E9005820C5 /* Utilities.m in Sources */ = {isa = PBXBuildFile; fileRef = C6240FEC1B0748E9005820C5 /* Utilities.m */; };
		C6240FF61B075FE5005820C5 /* ArticleDetailViewController.m in Sources */ = {isa = PBXBuildFile; fileRef = C6240FF51B075FE5005820C5 /* ArticleDetailViewController.m */; };
		C6240FF91B076036005820C5 /* ArticleScrollView.m in Sources */ = {isa = PBXBuildFile; fileRef = C6240FF81B076036005820C5 /* ArticleScrollView.m */; };
		C63311FB1B065D8B0099A6EC /* iAd.framework in Frameworks */ = {isa = PBXBuildFile; fileRef = C63311FA1B065D8B0099A6EC /* iAd.framework */; };
		C63311FD1B065DA80099A6EC /* MessageUI.framework in Frameworks */ = {isa = PBXBuildFile; fileRef = C63311FC1B065DA80099A6EC /* MessageUI.framework */; };
		C63312011B065DBD0099A6EC /* AdSupport.framework in Frameworks */ = {isa = PBXBuildFile; fileRef = C63312001B065DBD0099A6EC /* AdSupport.framework */; };
		C63312031B065DC30099A6EC /* CoreLocation.framework in Frameworks */ = {isa = PBXBuildFile; fileRef = C63312021B065DC30099A6EC /* CoreLocation.framework */; };
		C63312071B065E030099A6EC /* SystemConfiguration.framework in Frameworks */ = {isa = PBXBuildFile; fileRef = C63312061B065E030099A6EC /* SystemConfiguration.framework */; };
		C63312091B065E0F0099A6EC /* StoreKit.framework in Frameworks */ = {isa = PBXBuildFile; fileRef = C63312081B065E0F0099A6EC /* StoreKit.framework */; };
		C633120B1B065E170099A6EC /* CoreMotion.framework in Frameworks */ = {isa = PBXBuildFile; fileRef = C633120A1B065E170099A6EC /* CoreMotion.framework */; };
		C633120D1B065F040099A6EC /* CoreTelephony.framework in Frameworks */ = {isa = PBXBuildFile; fileRef = C633120C1B065F040099A6EC /* CoreTelephony.framework */; };
		C674844D1B07F532009EB012 /* RSSFeedsList.m in Sources */ = {isa = PBXBuildFile; fileRef = C674844C1B07F532009EB012 /* RSSFeedsList.m */; };
		C674844F1B07F7E1009EB012 /* Parse.framework in Frameworks */ = {isa = PBXBuildFile; fileRef = C674844E1B07F7E1009EB012 /* Parse.framework */; };
		C67484511B07F812009EB012 /* CFNetwork.framework in Frameworks */ = {isa = PBXBuildFile; fileRef = C67484501B07F812009EB012 /* CFNetwork.framework */; };
		C67484531B07F81A009EB012 /* CoreGraphics.framework in Frameworks */ = {isa = PBXBuildFile; fileRef = C67484521B07F81A009EB012 /* CoreGraphics.framework */; };
		C67484551B07F824009EB012 /* MobileCoreServices.framework in Frameworks */ = {isa = PBXBuildFile; fileRef = C67484541B07F824009EB012 /* MobileCoreServices.framework */; };
		C67484571B07F82F009EB012 /* QuartzCore.framework in Frameworks */ = {isa = PBXBuildFile; fileRef = C67484561B07F82F009EB012 /* QuartzCore.framework */; };
		C67484591B07F837009EB012 /* Security.framework in Frameworks */ = {isa = PBXBuildFile; fileRef = C67484581B07F837009EB012 /* Security.framework */; };
		C674845B1B07F846009EB012 /* libz.dylib in Frameworks */ = {isa = PBXBuildFile; fileRef = C674845A1B07F846009EB012 /* libz.dylib */; };
		C674845D1B07F851009EB012 /* libsqlite3.dylib in Frameworks */ = {isa = PBXBuildFile; fileRef = C674845C1B07F851009EB012 /* libsqlite3.dylib */; };
		C674845F1B07F940009EB012 /* Social.framework in Frameworks */ = {isa = PBXBuildFile; fileRef = C674845E1B07F940009EB012 /* Social.framework */; };
		C67484611B07F960009EB012 /* Accounts.framework in Frameworks */ = {isa = PBXBuildFile; fileRef = C67484601B07F960009EB012 /* Accounts.framework */; };
		C67484691B07F9C2009EB012 /* Bolts.framework in Frameworks */ = {isa = PBXBuildFile; fileRef = C67484631B07F9C2009EB012 /* Bolts.framework */; };
		C674846A1B07F9C2009EB012 /* Parse.framework in Frameworks */ = {isa = PBXBuildFile; fileRef = C67484641B07F9C2009EB012 /* Parse.framework */; };
		C674846E1B07F9C2009EB012 /* ParseUI.framework in Frameworks */ = {isa = PBXBuildFile; fileRef = C67484681B07F9C2009EB012 /* ParseUI.framework */; };
		C67484711B0809AC009EB012 /* AddRssViewController.m in Sources */ = {isa = PBXBuildFile; fileRef = C67484701B0809AC009EB012 /* AddRssViewController.m */; };
		C6B8C9501B064BBC00B9B9CF /* main.m in Sources */ = {isa = PBXBuildFile; fileRef = C6B8C94F1B064BBC00B9B9CF /* main.m */; };
		C6B8C9531B064BBC00B9B9CF /* AppDelegate.m in Sources */ = {isa = PBXBuildFile; fileRef = C6B8C9521B064BBC00B9B9CF /* AppDelegate.m */; };
		C6B8C9561B064BBC00B9B9CF /* perkAppsaholic.xcdatamodeld in Sources */ = {isa = PBXBuildFile; fileRef = C6B8C9541B064BBC00B9B9CF /* perkAppsaholic.xcdatamodeld */; };
		C6B8C9591B064BBC00B9B9CF /* ViewController.m in Sources */ = {isa = PBXBuildFile; fileRef = C6B8C9581B064BBC00B9B9CF /* ViewController.m */; };
		C6B8C95C1B064BBC00B9B9CF /* Main.storyboard in Resources */ = {isa = PBXBuildFile; fileRef = C6B8C95A1B064BBC00B9B9CF /* Main.storyboard */; };
		C6B8C95E1B064BBC00B9B9CF /* Images.xcassets in Resources */ = {isa = PBXBuildFile; fileRef = C6B8C95D1B064BBC00B9B9CF /* Images.xcassets */; };
		C6B8C9611B064BBC00B9B9CF /* LaunchScreen.xib in Resources */ = {isa = PBXBuildFile; fileRef = C6B8C95F1B064BBC00B9B9CF /* LaunchScreen.xib */; };
		C6B8C96D1B064BBC00B9B9CF /* perkAppsaholicTests.m in Sources */ = {isa = PBXBuildFile; fileRef = C6B8C96C1B064BBC00B9B9CF /* perkAppsaholicTests.m */; };
		C6E0D2101B07D61E00C18CA2 /* __vungle.db in Resources */ = {isa = PBXBuildFile; fileRef = C6E0D2091B07D61E00C18CA2 /* __vungle.db */; };
		C6E0D2111B07D61E00C18CA2 /* vg_close.png in Resources */ = {isa = PBXBuildFile; fileRef = C6E0D20A1B07D61E00C18CA2 /* vg_close.png */; };
		C6E0D2121B07D61E00C18CA2 /* vg_cta.png in Resources */ = {isa = PBXBuildFile; fileRef = C6E0D20B1B07D61E00C18CA2 /* vg_cta.png */; };
		C6E0D2131B07D61E00C18CA2 /* vg_mute_off.png in Resources */ = {isa = PBXBuildFile; fileRef = C6E0D20C1B07D61E00C18CA2 /* vg_mute_off.png */; };
		C6E0D2141B07D61E00C18CA2 /* vg_mute_on.png in Resources */ = {isa = PBXBuildFile; fileRef = C6E0D20D1B07D61E00C18CA2 /* vg_mute_on.png */; };
		C6E0D2151B07D61E00C18CA2 /* vg_timer.png in Resources */ = {isa = PBXBuildFile; fileRef = C6E0D20E1B07D61E00C18CA2 /* vg_timer.png */; };
		C6E0D2161B07D61E00C18CA2 /* VungleSDK.framework in Frameworks */ = {isa = PBXBuildFile; fileRef = C6E0D20F1B07D61E00C18CA2 /* VungleSDK.framework */; };
		C6F0184E1B07C2EB006D497C /* AudioToolbox.framework in Frameworks */ = {isa = PBXBuildFile; fileRef = C6F0184D1B07C2EB006D497C /* AudioToolbox.framework */; };
		C6F018501B07C2F2006D497C /* AVFoundation.framework in Frameworks */ = {isa = PBXBuildFile; fileRef = C6F0184F1B07C2F2006D497C /* AVFoundation.framework */; };
		C6F018961B07C6A7006D497C /* libxml2.2.dylib in Frameworks */ = {isa = PBXBuildFile; fileRef = C63312041B065DD70099A6EC /* libxml2.2.dylib */; };
		C6F018F81B07CA7E006D497C /* MediaPlayer.framework in Frameworks */ = {isa = PBXBuildFile; fileRef = C63311FE1B065DB70099A6EC /* MediaPlayer.framework */; };
		C6F019061B07CEC4006D497C /* MWFeedParser.m in Sources */ = {isa = PBXBuildFile; fileRef = C6F019011B07CEC4006D497C /* MWFeedParser.m */; };
		C6F019071B07CEC4006D497C /* MWFeedInfo.m in Sources */ = {isa = PBXBuildFile; fileRef = C6F019031B07CEC4006D497C /* MWFeedInfo.m */; };
		C6F019081B07CEC4006D497C /* MWFeedItem.m in Sources */ = {isa = PBXBuildFile; fileRef = C6F019051B07CEC4006D497C /* MWFeedItem.m */; };
		C6F0190D1B07CECD006D497C /* NSString+HTML.m in Sources */ = {isa = PBXBuildFile; fileRef = C6F0190A1B07CECD006D497C /* NSString+HTML.m */; };
		C6F0190E1B07CECD006D497C /* NSDate+InternetDateTime.m in Sources */ = {isa = PBXBuildFile; fileRef = C6F0190C1B07CECD006D497C /* NSDate+InternetDateTime.m */; };
		C6F019111B07CF1E006D497C /* GTMNSString+HTML.m in Sources */ = {isa = PBXBuildFile; fileRef = C6F019101B07CF1E006D497C /* GTMNSString+HTML.m */; };
		F0279CDD1B302BFF0041C9DE /* MBProgressHUD.m in Sources */ = {isa = PBXBuildFile; fileRef = F0279CDC1B302BFF0041C9DE /* MBProgressHUD.m */; };
		F0279CE11B3030C70041C9DE /* CoreMedia.framework in Frameworks */ = {isa = PBXBuildFile; fileRef = F0279CE01B3030C70041C9DE /* CoreMedia.framework */; };
		F0279CE31B3030DA0041C9DE /* OpenGLES.framework in Frameworks */ = {isa = PBXBuildFile; fileRef = F0279CE21B3030DA0041C9DE /* OpenGLES.framework */; };
		F0279CEA1B3031350041C9DE /* libTestFairy.a in Frameworks */ = {isa = PBXBuildFile; fileRef = F0279CE71B3031350041C9DE /* libTestFairy.a */; };
		F0279CEB1B3031350041C9DE /* upload-dsym.sh in Resources */ = {isa = PBXBuildFile; fileRef = F0279CE91B3031350041C9DE /* upload-dsym.sh */; };
/* End PBXBuildFile section */

/* Begin PBXContainerItemProxy section */
		C6B8C9671B064BBC00B9B9CF /* PBXContainerItemProxy */ = {
			isa = PBXContainerItemProxy;
			containerPortal = C6B8C9421B064BBC00B9B9CF /* Project object */;
			proxyType = 1;
			remoteGlobalIDString = C6B8C9491B064BBC00B9B9CF;
			remoteInfo = perkAppsaholic;
		};
/* End PBXContainerItemProxy section */

/* Begin PBXFileReference section */
		0FD0F478E58A106A46E4A3C0 /* Pods-perkAppsaholic.release.xcconfig */ = {isa = PBXFileReference; includeInIndex = 1; lastKnownFileType = text.xcconfig; name = "Pods-perkAppsaholic.release.xcconfig"; path = "Pods/Target Support Files/Pods-perkAppsaholic/Pods-perkAppsaholic.release.xcconfig"; sourceTree = "<group>"; };
		C606AE4E1B0734050039CA5B /* ArticleListing.h */ = {isa = PBXFileReference; fileEncoding = 4; lastKnownFileType = sourcecode.c.h; path = ArticleListing.h; sourceTree = "<group>"; };
		C606AE4F1B0734050039CA5B /* ArticleListing.m */ = {isa = PBXFileReference; fileEncoding = 4; lastKnownFileType = sourcecode.c.objc; path = ArticleListing.m; sourceTree = "<group>"; };
		C6240FE21B073A27005820C5 /* ArticleListingTable.h */ = {isa = PBXFileReference; fileEncoding = 4; lastKnownFileType = sourcecode.c.h; path = ArticleListingTable.h; sourceTree = "<group>"; };
		C6240FE31B073A27005820C5 /* ArticleListingTable.m */ = {isa = PBXFileReference; fileEncoding = 4; lastKnownFileType = sourcecode.c.objc; path = ArticleListingTable.m; sourceTree = "<group>"; };
		C6240FE51B0743C8005820C5 /* ArticleListingCell.xib */ = {isa = PBXFileReference; fileEncoding = 4; lastKnownFileType = file.xib; path = ArticleListingCell.xib; sourceTree = "<group>"; };
		C6240FE71B074437005820C5 /* ArticleListingCell.h */ = {isa = PBXFileReference; fileEncoding = 4; lastKnownFileType = sourcecode.c.h; path = ArticleListingCell.h; sourceTree = "<group>"; };
		C6240FE81B074437005820C5 /* ArticleListingCell.m */ = {isa = PBXFileReference; fileEncoding = 4; lastKnownFileType = sourcecode.c.objc; path = ArticleListingCell.m; sourceTree = "<group>"; };
		C6240FEB1B0748E9005820C5 /* Utilities.h */ = {isa = PBXFileReference; fileEncoding = 4; lastKnownFileType = sourcecode.c.h; path = Utilities.h; sourceTree = "<group>"; };
		C6240FEC1B0748E9005820C5 /* Utilities.m */ = {isa = PBXFileReference; fileEncoding = 4; lastKnownFileType = sourcecode.c.objc; path = Utilities.m; sourceTree = "<group>"; };
		C6240FF41B075FE5005820C5 /* ArticleDetailViewController.h */ = {isa = PBXFileReference; fileEncoding = 4; lastKnownFileType = sourcecode.c.h; path = ArticleDetailViewController.h; sourceTree = "<group>"; };
		C6240FF51B075FE5005820C5 /* ArticleDetailViewController.m */ = {isa = PBXFileReference; fileEncoding = 4; lastKnownFileType = sourcecode.c.objc; path = ArticleDetailViewController.m; sourceTree = "<group>"; };
		C6240FF71B076036005820C5 /* ArticleScrollView.h */ = {isa = PBXFileReference; fileEncoding = 4; lastKnownFileType = sourcecode.c.h; path = ArticleScrollView.h; sourceTree = "<group>"; };
		C6240FF81B076036005820C5 /* ArticleScrollView.m */ = {isa = PBXFileReference; fileEncoding = 4; lastKnownFileType = sourcecode.c.objc; path = ArticleScrollView.m; sourceTree = "<group>"; };
		C63311FA1B065D8B0099A6EC /* iAd.framework */ = {isa = PBXFileReference; lastKnownFileType = wrapper.framework; name = iAd.framework; path = System/Library/Frameworks/iAd.framework; sourceTree = SDKROOT; };
		C63311FC1B065DA80099A6EC /* MessageUI.framework */ = {isa = PBXFileReference; lastKnownFileType = wrapper.framework; name = MessageUI.framework; path = System/Library/Frameworks/MessageUI.framework; sourceTree = SDKROOT; };
		C63311FE1B065DB70099A6EC /* MediaPlayer.framework */ = {isa = PBXFileReference; lastKnownFileType = wrapper.framework; name = MediaPlayer.framework; path = System/Library/Frameworks/MediaPlayer.framework; sourceTree = SDKROOT; };
		C63312001B065DBD0099A6EC /* AdSupport.framework */ = {isa = PBXFileReference; lastKnownFileType = wrapper.framework; name = AdSupport.framework; path = System/Library/Frameworks/AdSupport.framework; sourceTree = SDKROOT; };
		C63312021B065DC30099A6EC /* CoreLocation.framework */ = {isa = PBXFileReference; lastKnownFileType = wrapper.framework; name = CoreLocation.framework; path = System/Library/Frameworks/CoreLocation.framework; sourceTree = SDKROOT; };
		C63312041B065DD70099A6EC /* libxml2.2.dylib */ = {isa = PBXFileReference; lastKnownFileType = "compiled.mach-o.dylib"; name = libxml2.2.dylib; path = usr/lib/libxml2.2.dylib; sourceTree = SDKROOT; };
		C63312061B065E030099A6EC /* SystemConfiguration.framework */ = {isa = PBXFileReference; lastKnownFileType = wrapper.framework; name = SystemConfiguration.framework; path = System/Library/Frameworks/SystemConfiguration.framework; sourceTree = SDKROOT; };
		C63312081B065E0F0099A6EC /* StoreKit.framework */ = {isa = PBXFileReference; lastKnownFileType = wrapper.framework; name = StoreKit.framework; path = System/Library/Frameworks/StoreKit.framework; sourceTree = SDKROOT; };
		C633120A1B065E170099A6EC /* CoreMotion.framework */ = {isa = PBXFileReference; lastKnownFileType = wrapper.framework; name = CoreMotion.framework; path = System/Library/Frameworks/CoreMotion.framework; sourceTree = SDKROOT; };
		C633120C1B065F040099A6EC /* CoreTelephony.framework */ = {isa = PBXFileReference; lastKnownFileType = wrapper.framework; name = CoreTelephony.framework; path = System/Library/Frameworks/CoreTelephony.framework; sourceTree = SDKROOT; };
		C674844B1B07F532009EB012 /* RSSFeedsList.h */ = {isa = PBXFileReference; fileEncoding = 4; lastKnownFileType = sourcecode.c.h; path = RSSFeedsList.h; sourceTree = "<group>"; };
		C674844C1B07F532009EB012 /* RSSFeedsList.m */ = {isa = PBXFileReference; fileEncoding = 4; lastKnownFileType = sourcecode.c.objc; path = RSSFeedsList.m; sourceTree = "<group>"; };
		C674844E1B07F7E1009EB012 /* Parse.framework */ = {isa = PBXFileReference; lastKnownFileType = wrapper.framework; path = Parse.framework; sourceTree = "<group>"; };
		C67484501B07F812009EB012 /* CFNetwork.framework */ = {isa = PBXFileReference; lastKnownFileType = wrapper.framework; name = CFNetwork.framework; path = System/Library/Frameworks/CFNetwork.framework; sourceTree = SDKROOT; };
		C67484521B07F81A009EB012 /* CoreGraphics.framework */ = {isa = PBXFileReference; lastKnownFileType = wrapper.framework; name = CoreGraphics.framework; path = System/Library/Frameworks/CoreGraphics.framework; sourceTree = SDKROOT; };
		C67484541B07F824009EB012 /* MobileCoreServices.framework */ = {isa = PBXFileReference; lastKnownFileType = wrapper.framework; name = MobileCoreServices.framework; path = System/Library/Frameworks/MobileCoreServices.framework; sourceTree = SDKROOT; };
		C67484561B07F82F009EB012 /* QuartzCore.framework */ = {isa = PBXFileReference; lastKnownFileType = wrapper.framework; name = QuartzCore.framework; path = System/Library/Frameworks/QuartzCore.framework; sourceTree = SDKROOT; };
		C67484581B07F837009EB012 /* Security.framework */ = {isa = PBXFileReference; lastKnownFileType = wrapper.framework; name = Security.framework; path = System/Library/Frameworks/Security.framework; sourceTree = SDKROOT; };
		C674845A1B07F846009EB012 /* libz.dylib */ = {isa = PBXFileReference; lastKnownFileType = "compiled.mach-o.dylib"; name = libz.dylib; path = usr/lib/libz.dylib; sourceTree = SDKROOT; };
		C674845C1B07F851009EB012 /* libsqlite3.dylib */ = {isa = PBXFileReference; lastKnownFileType = "compiled.mach-o.dylib"; name = libsqlite3.dylib; path = usr/lib/libsqlite3.dylib; sourceTree = SDKROOT; };
		C674845E1B07F940009EB012 /* Social.framework */ = {isa = PBXFileReference; lastKnownFileType = wrapper.framework; name = Social.framework; path = System/Library/Frameworks/Social.framework; sourceTree = SDKROOT; };
		C67484601B07F960009EB012 /* Accounts.framework */ = {isa = PBXFileReference; lastKnownFileType = wrapper.framework; name = Accounts.framework; path = System/Library/Frameworks/Accounts.framework; sourceTree = SDKROOT; };
		C67484631B07F9C2009EB012 /* Bolts.framework */ = {isa = PBXFileReference; lastKnownFileType = wrapper.framework; path = Bolts.framework; sourceTree = "<group>"; };
		C67484641B07F9C2009EB012 /* Parse.framework */ = {isa = PBXFileReference; lastKnownFileType = wrapper.framework; path = Parse.framework; sourceTree = "<group>"; };
		C67484681B07F9C2009EB012 /* ParseUI.framework */ = {isa = PBXFileReference; lastKnownFileType = wrapper.framework; path = ParseUI.framework; sourceTree = "<group>"; };
		C674846F1B0809AC009EB012 /* AddRssViewController.h */ = {isa = PBXFileReference; fileEncoding = 4; lastKnownFileType = sourcecode.c.h; path = AddRssViewController.h; sourceTree = "<group>"; };
		C67484701B0809AC009EB012 /* AddRssViewController.m */ = {isa = PBXFileReference; fileEncoding = 4; lastKnownFileType = sourcecode.c.objc; path = AddRssViewController.m; sourceTree = "<group>"; };
		C6B8C94A1B064BBC00B9B9CF /* FeedReader.app */ = {isa = PBXFileReference; explicitFileType = wrapper.application; includeInIndex = 0; path = FeedReader.app; sourceTree = BUILT_PRODUCTS_DIR; };
		C6B8C94E1B064BBC00B9B9CF /* Info.plist */ = {isa = PBXFileReference; lastKnownFileType = text.plist.xml; path = Info.plist; sourceTree = "<group>"; };
		C6B8C94F1B064BBC00B9B9CF /* main.m */ = {isa = PBXFileReference; lastKnownFileType = sourcecode.c.objc; path = main.m; sourceTree = "<group>"; };
		C6B8C9511B064BBC00B9B9CF /* AppDelegate.h */ = {isa = PBXFileReference; lastKnownFileType = sourcecode.c.h; path = AppDelegate.h; sourceTree = "<group>"; };
		C6B8C9521B064BBC00B9B9CF /* AppDelegate.m */ = {isa = PBXFileReference; lastKnownFileType = sourcecode.c.objc; path = AppDelegate.m; sourceTree = "<group>"; };
		C6B8C9551B064BBC00B9B9CF /* perkAppsaholic.xcdatamodel */ = {isa = PBXFileReference; lastKnownFileType = wrapper.xcdatamodel; path = perkAppsaholic.xcdatamodel; sourceTree = "<group>"; };
		C6B8C9571B064BBC00B9B9CF /* ViewController.h */ = {isa = PBXFileReference; lastKnownFileType = sourcecode.c.h; path = ViewController.h; sourceTree = "<group>"; };
		C6B8C9581B064BBC00B9B9CF /* ViewController.m */ = {isa = PBXFileReference; lastKnownFileType = sourcecode.c.objc; path = ViewController.m; sourceTree = "<group>"; };
		C6B8C95B1B064BBC00B9B9CF /* Base */ = {isa = PBXFileReference; lastKnownFileType = file.storyboard; name = Base; path = Base.lproj/Main.storyboard; sourceTree = "<group>"; };
		C6B8C95D1B064BBC00B9B9CF /* Images.xcassets */ = {isa = PBXFileReference; lastKnownFileType = folder.assetcatalog; path = Images.xcassets; sourceTree = "<group>"; };
		C6B8C9601B064BBC00B9B9CF /* Base */ = {isa = PBXFileReference; lastKnownFileType = file.xib; name = Base; path = Base.lproj/LaunchScreen.xib; sourceTree = "<group>"; };
		C6B8C9661B064BBC00B9B9CF /* FeedReaderTests.xctest */ = {isa = PBXFileReference; explicitFileType = wrapper.cfbundle; includeInIndex = 0; path = FeedReaderTests.xctest; sourceTree = BUILT_PRODUCTS_DIR; };
		C6B8C96B1B064BBC00B9B9CF /* Info.plist */ = {isa = PBXFileReference; lastKnownFileType = text.plist.xml; path = Info.plist; sourceTree = "<group>"; };
		C6B8C96C1B064BBC00B9B9CF /* perkAppsaholicTests.m */ = {isa = PBXFileReference; lastKnownFileType = sourcecode.c.objc; path = perkAppsaholicTests.m; sourceTree = "<group>"; };
		C6E0D2091B07D61E00C18CA2 /* __vungle.db */ = {isa = PBXFileReference; lastKnownFileType = file; path = __vungle.db; sourceTree = "<group>"; };
		C6E0D20A1B07D61E00C18CA2 /* vg_close.png */ = {isa = PBXFileReference; lastKnownFileType = image.png; path = vg_close.png; sourceTree = "<group>"; };
		C6E0D20B1B07D61E00C18CA2 /* vg_cta.png */ = {isa = PBXFileReference; lastKnownFileType = image.png; path = vg_cta.png; sourceTree = "<group>"; };
		C6E0D20C1B07D61E00C18CA2 /* vg_mute_off.png */ = {isa = PBXFileReference; lastKnownFileType = image.png; path = vg_mute_off.png; sourceTree = "<group>"; };
		C6E0D20D1B07D61E00C18CA2 /* vg_mute_on.png */ = {isa = PBXFileReference; lastKnownFileType = image.png; path = vg_mute_on.png; sourceTree = "<group>"; };
		C6E0D20E1B07D61E00C18CA2 /* vg_timer.png */ = {isa = PBXFileReference; lastKnownFileType = image.png; path = vg_timer.png; sourceTree = "<group>"; };
		C6E0D20F1B07D61E00C18CA2 /* VungleSDK.framework */ = {isa = PBXFileReference; lastKnownFileType = wrapper.framework; path = VungleSDK.framework; sourceTree = "<group>"; };
		C6E0D21D1B07E36700C18CA2 /* Charts.framework */ = {isa = PBXFileReference; lastKnownFileType = wrapper.framework; name = Charts.framework; path = "../../../../Downloads/ios-charts-master/Charts/build/Debug-iphoneos/Charts.framework"; sourceTree = "<group>"; };
		C6F0184D1B07C2EB006D497C /* AudioToolbox.framework */ = {isa = PBXFileReference; lastKnownFileType = wrapper.framework; name = AudioToolbox.framework; path = System/Library/Frameworks/AudioToolbox.framework; sourceTree = SDKROOT; };
		C6F0184F1B07C2F2006D497C /* AVFoundation.framework */ = {isa = PBXFileReference; lastKnownFileType = wrapper.framework; name = AVFoundation.framework; path = System/Library/Frameworks/AVFoundation.framework; sourceTree = SDKROOT; };
		C6F018FF1B07CEC4006D497C /* MWFeedParser.h */ = {isa = PBXFileReference; fileEncoding = 4; lastKnownFileType = sourcecode.c.h; path = MWFeedParser.h; sourceTree = "<group>"; };
		C6F019001B07CEC4006D497C /* MWFeedParser_Private.h */ = {isa = PBXFileReference; fileEncoding = 4; lastKnownFileType = sourcecode.c.h; path = MWFeedParser_Private.h; sourceTree = "<group>"; };
		C6F019011B07CEC4006D497C /* MWFeedParser.m */ = {isa = PBXFileReference; fileEncoding = 4; lastKnownFileType = sourcecode.c.objc; path = MWFeedParser.m; sourceTree = "<group>"; };
		C6F019021B07CEC4006D497C /* MWFeedInfo.h */ = {isa = PBXFileReference; fileEncoding = 4; lastKnownFileType = sourcecode.c.h; path = MWFeedInfo.h; sourceTree = "<group>"; };
		C6F019031B07CEC4006D497C /* MWFeedInfo.m */ = {isa = PBXFileReference; fileEncoding = 4; lastKnownFileType = sourcecode.c.objc; path = MWFeedInfo.m; sourceTree = "<group>"; };
		C6F019041B07CEC4006D497C /* MWFeedItem.h */ = {isa = PBXFileReference; fileEncoding = 4; lastKnownFileType = sourcecode.c.h; path = MWFeedItem.h; sourceTree = "<group>"; };
		C6F019051B07CEC4006D497C /* MWFeedItem.m */ = {isa = PBXFileReference; fileEncoding = 4; lastKnownFileType = sourcecode.c.objc; path = MWFeedItem.m; sourceTree = "<group>"; };
		C6F019091B07CECD006D497C /* NSString+HTML.h */ = {isa = PBXFileReference; fileEncoding = 4; lastKnownFileType = sourcecode.c.h; path = "NSString+HTML.h"; sourceTree = "<group>"; };
		C6F0190A1B07CECD006D497C /* NSString+HTML.m */ = {isa = PBXFileReference; fileEncoding = 4; lastKnownFileType = sourcecode.c.objc; path = "NSString+HTML.m"; sourceTree = "<group>"; };
		C6F0190B1B07CECD006D497C /* NSDate+InternetDateTime.h */ = {isa = PBXFileReference; fileEncoding = 4; lastKnownFileType = sourcecode.c.h; path = "NSDate+InternetDateTime.h"; sourceTree = "<group>"; };
		C6F0190C1B07CECD006D497C /* NSDate+InternetDateTime.m */ = {isa = PBXFileReference; fileEncoding = 4; lastKnownFileType = sourcecode.c.objc; path = "NSDate+InternetDateTime.m"; sourceTree = "<group>"; };
		C6F0190F1B07CF1E006D497C /* GTMNSString+HTML.h */ = {isa = PBXFileReference; fileEncoding = 4; lastKnownFileType = sourcecode.c.h; path = "GTMNSString+HTML.h"; sourceTree = "<group>"; };
		C6F019101B07CF1E006D497C /* GTMNSString+HTML.m */ = {isa = PBXFileReference; fileEncoding = 4; lastKnownFileType = sourcecode.c.objc; path = "GTMNSString+HTML.m"; sourceTree = "<group>"; };
		DB42DA88EC08162A8A0D3A01 /* Pods-perkAppsaholic.debug.xcconfig */ = {isa = PBXFileReference; includeInIndex = 1; lastKnownFileType = text.xcconfig; name = "Pods-perkAppsaholic.debug.xcconfig"; path = "Pods/Target Support Files/Pods-perkAppsaholic/Pods-perkAppsaholic.debug.xcconfig"; sourceTree = "<group>"; };
		F0279CDB1B302BFF0041C9DE /* MBProgressHUD.h */ = {isa = PBXFileReference; fileEncoding = 4; lastKnownFileType = sourcecode.c.h; path = MBProgressHUD.h; sourceTree = "<group>"; };
		F0279CDC1B302BFF0041C9DE /* MBProgressHUD.m */ = {isa = PBXFileReference; fileEncoding = 4; lastKnownFileType = sourcecode.c.objc; path = MBProgressHUD.m; sourceTree = "<group>"; };
		F0279CE01B3030C70041C9DE /* CoreMedia.framework */ = {isa = PBXFileReference; lastKnownFileType = wrapper.framework; name = CoreMedia.framework; path = System/Library/Frameworks/CoreMedia.framework; sourceTree = SDKROOT; };
		F0279CE21B3030DA0041C9DE /* OpenGLES.framework */ = {isa = PBXFileReference; lastKnownFileType = wrapper.framework; name = OpenGLES.framework; path = System/Library/Frameworks/OpenGLES.framework; sourceTree = SDKROOT; };
		F0279CE71B3031350041C9DE /* libTestFairy.a */ = {isa = PBXFileReference; lastKnownFileType = archive.ar; path = libTestFairy.a; sourceTree = "<group>"; };
		F0279CE81B3031350041C9DE /* TestFairy.h */ = {isa = PBXFileReference; fileEncoding = 4; lastKnownFileType = sourcecode.c.h; path = TestFairy.h; sourceTree = "<group>"; };
		F0279CE91B3031350041C9DE /* upload-dsym.sh */ = {isa = PBXFileReference; fileEncoding = 4; lastKnownFileType = text.script.sh; path = "upload-dsym.sh"; sourceTree = "<group>"; };
		F42C8077D9E774F6654E7640 /* libPods-perkAppsaholic.a */ = {isa = PBXFileReference; explicitFileType = archive.ar; includeInIndex = 0; path = "libPods-perkAppsaholic.a"; sourceTree = BUILT_PRODUCTS_DIR; };
/* End PBXFileReference section */

/* Begin PBXFrameworksBuildPhase section */
		C6B8C9471B064BBC00B9B9CF /* Frameworks */ = {
			isa = PBXFrameworksBuildPhase;
			buildActionMask = 2147483647;
			files = (
				F0279CE31B3030DA0041C9DE /* OpenGLES.framework in Frameworks */,
				F0279CE11B3030C70041C9DE /* CoreMedia.framework in Frameworks */,
				C67484691B07F9C2009EB012 /* Bolts.framework in Frameworks */,
				C674844F1B07F7E1009EB012 /* Parse.framework in Frameworks */,
				C67484611B07F960009EB012 /* Accounts.framework in Frameworks */,
				C674845F1B07F940009EB012 /* Social.framework in Frameworks */,
				C674845D1B07F851009EB012 /* libsqlite3.dylib in Frameworks */,
				C674845B1B07F846009EB012 /* libz.dylib in Frameworks */,
				C674846A1B07F9C2009EB012 /* Parse.framework in Frameworks */,
				C67484591B07F837009EB012 /* Security.framework in Frameworks */,
				C67484571B07F82F009EB012 /* QuartzCore.framework in Frameworks */,
				C67484551B07F824009EB012 /* MobileCoreServices.framework in Frameworks */,
				C67484531B07F81A009EB012 /* CoreGraphics.framework in Frameworks */,
				F0279CEA1B3031350041C9DE /* libTestFairy.a in Frameworks */,
				C674846E1B07F9C2009EB012 /* ParseUI.framework in Frameworks */,
				C67484511B07F812009EB012 /* CFNetwork.framework in Frameworks */,
				C6F0184E1B07C2EB006D497C /* AudioToolbox.framework in Frameworks */,
				C6F018F81B07CA7E006D497C /* MediaPlayer.framework in Frameworks */,
				C6F018961B07C6A7006D497C /* libxml2.2.dylib in Frameworks */,
				C6F018501B07C2F2006D497C /* AVFoundation.framework in Frameworks */,
				C633120D1B065F040099A6EC /* CoreTelephony.framework in Frameworks */,
				C633120B1B065E170099A6EC /* CoreMotion.framework in Frameworks */,
				C63312091B065E0F0099A6EC /* StoreKit.framework in Frameworks */,
				C63312071B065E030099A6EC /* SystemConfiguration.framework in Frameworks */,
				C6E0D2161B07D61E00C18CA2 /* VungleSDK.framework in Frameworks */,
				C63312031B065DC30099A6EC /* CoreLocation.framework in Frameworks */,
				C63312011B065DBD0099A6EC /* AdSupport.framework in Frameworks */,
				C63311FD1B065DA80099A6EC /* MessageUI.framework in Frameworks */,
				C63311FB1B065D8B0099A6EC /* iAd.framework in Frameworks */,
				AB9A1918187010D0FAB7B2E2 /* libPods-perkAppsaholic.a in Frameworks */,
			);
			runOnlyForDeploymentPostprocessing = 0;
		};
		C6B8C9631B064BBC00B9B9CF /* Frameworks */ = {
			isa = PBXFrameworksBuildPhase;
			buildActionMask = 2147483647;
			files = (
			);
			runOnlyForDeploymentPostprocessing = 0;
		};
/* End PBXFrameworksBuildPhase section */

/* Begin PBXGroup section */
		42E9BA2166C8B1F51B0FEA38 /* Pods */ = {
			isa = PBXGroup;
			children = (
				DB42DA88EC08162A8A0D3A01 /* Pods-perkAppsaholic.debug.xcconfig */,
				0FD0F478E58A106A46E4A3C0 /* Pods-perkAppsaholic.release.xcconfig */,
			);
			name = Pods;
			sourceTree = "<group>";
		};
		5D4ED9488E172375C3A1889B /* Frameworks */ = {
			isa = PBXGroup;
			children = (
				F0279CE21B3030DA0041C9DE /* OpenGLES.framework */,
				F0279CE01B3030C70041C9DE /* CoreMedia.framework */,
				C67484601B07F960009EB012 /* Accounts.framework */,
				C674845E1B07F940009EB012 /* Social.framework */,
				C674845C1B07F851009EB012 /* libsqlite3.dylib */,
				C674845A1B07F846009EB012 /* libz.dylib */,
				C67484581B07F837009EB012 /* Security.framework */,
				C67484561B07F82F009EB012 /* QuartzCore.framework */,
				C67484541B07F824009EB012 /* MobileCoreServices.framework */,
				C67484521B07F81A009EB012 /* CoreGraphics.framework */,
				C67484501B07F812009EB012 /* CFNetwork.framework */,
				C6E0D21D1B07E36700C18CA2 /* Charts.framework */,
				F42C8077D9E774F6654E7640 /* libPods-perkAppsaholic.a */,
			);
			name = Frameworks;
			sourceTree = "<group>";
		};
		C606AE371B071FBA0039CA5B /* Controllers */ = {
			isa = PBXGroup;
			children = (
				C606AE4E1B0734050039CA5B /* ArticleListing.h */,
				C606AE4F1B0734050039CA5B /* ArticleListing.m */,
				C6240FF41B075FE5005820C5 /* ArticleDetailViewController.h */,
				C6240FF51B075FE5005820C5 /* ArticleDetailViewController.m */,
				C674844B1B07F532009EB012 /* RSSFeedsList.h */,
				C674844C1B07F532009EB012 /* RSSFeedsList.m */,
				C674846F1B0809AC009EB012 /* AddRssViewController.h */,
				C67484701B0809AC009EB012 /* AddRssViewController.m */,
			);
			path = Controllers;
			sourceTree = "<group>";
		};
		C606AE381B071FBA0039CA5B /* Model */ = {
			isa = PBXGroup;
			children = (
			);
			path = Model;
			sourceTree = "<group>";
		};
		C606AE391B071FBA0039CA5B /* Views */ = {
			isa = PBXGroup;
			children = (
				C6240FE21B073A27005820C5 /* ArticleListingTable.h */,
				C6240FE31B073A27005820C5 /* ArticleListingTable.m */,
				C6240FE51B0743C8005820C5 /* ArticleListingCell.xib */,
				C6240FF71B076036005820C5 /* ArticleScrollView.h */,
				C6240FF81B076036005820C5 /* ArticleScrollView.m */,
				C6240FE71B074437005820C5 /* ArticleListingCell.h */,
				C6240FE81B074437005820C5 /* ArticleListingCell.m */,
			);
			path = Views;
			sourceTree = "<group>";
		};
		C6240FEA1B0748D7005820C5 /* Utilities */ = {
			isa = PBXGroup;
			children = (
				C6240FEB1B0748E9005820C5 /* Utilities.h */,
				C6240FEC1B0748E9005820C5 /* Utilities.m */,
			);
			path = Utilities;
			sourceTree = "<group>";
		};
		C67484621B07F9C2009EB012 /* parse-library-1.7.1 */ = {
			isa = PBXGroup;
			children = (
				C67484631B07F9C2009EB012 /* Bolts.framework */,
				C67484641B07F9C2009EB012 /* Parse.framework */,
				C67484681B07F9C2009EB012 /* ParseUI.framework */,
			);
			path = "parse-library-1.7.1";
			sourceTree = "<group>";
		};
		C6B8C9411B064BBC00B9B9CF = {
			isa = PBXGroup;
			children = (
				C6E0D2071B07D61E00C18CA2 /* VungleSDK.embeddedframework */,
				C6F0184F1B07C2F2006D497C /* AVFoundation.framework */,
				C6F0184D1B07C2EB006D497C /* AudioToolbox.framework */,
				C63312081B065E0F0099A6EC /* StoreKit.framework */,
				C633120C1B065F040099A6EC /* CoreTelephony.framework */,
				C633120A1B065E170099A6EC /* CoreMotion.framework */,
				C63312061B065E030099A6EC /* SystemConfiguration.framework */,
				C63312041B065DD70099A6EC /* libxml2.2.dylib */,
				C63312021B065DC30099A6EC /* CoreLocation.framework */,
				C63312001B065DBD0099A6EC /* AdSupport.framework */,
				C63311FE1B065DB70099A6EC /* MediaPlayer.framework */,
				C63311FC1B065DA80099A6EC /* MessageUI.framework */,
				C63311FA1B065D8B0099A6EC /* iAd.framework */,
				C6B8C94C1B064BBC00B9B9CF /* perkAppsaholic */,
				C6B8C9691B064BBC00B9B9CF /* perkAppsaholicTests */,
				C6B8C94B1B064BBC00B9B9CF /* Products */,
				42E9BA2166C8B1F51B0FEA38 /* Pods */,
				5D4ED9488E172375C3A1889B /* Frameworks */,
			);
			sourceTree = "<group>";
		};
		C6B8C94B1B064BBC00B9B9CF /* Products */ = {
			isa = PBXGroup;
			children = (
				C6B8C94A1B064BBC00B9B9CF /* FeedReader.app */,
				C6B8C9661B064BBC00B9B9CF /* FeedReaderTests.xctest */,
			);
			name = Products;
			sourceTree = "<group>";
		};
		C6B8C94C1B064BBC00B9B9CF /* perkAppsaholic */ = {
			isa = PBXGroup;
			children = (
				C6F018FD1B07CE96006D497C /* ThirdPartyLib */,
				C6240FEA1B0748D7005820C5 /* Utilities */,
				C606AE371B071FBA0039CA5B /* Controllers */,
				C606AE381B071FBA0039CA5B /* Model */,
				C606AE391B071FBA0039CA5B /* Views */,
				C6B8C9511B064BBC00B9B9CF /* AppDelegate.h */,
				C6B8C9521B064BBC00B9B9CF /* AppDelegate.m */,
				C6B8C9571B064BBC00B9B9CF /* ViewController.h */,
				C6B8C9581B064BBC00B9B9CF /* ViewController.m */,
				C6B8C95A1B064BBC00B9B9CF /* Main.storyboard */,
				C6B8C95D1B064BBC00B9B9CF /* Images.xcassets */,
				C6B8C95F1B064BBC00B9B9CF /* LaunchScreen.xib */,
				C6B8C9541B064BBC00B9B9CF /* perkAppsaholic.xcdatamodeld */,
				C6B8C94D1B064BBC00B9B9CF /* Supporting Files */,
			);
			path = perkAppsaholic;
			sourceTree = "<group>";
		};
		C6B8C94D1B064BBC00B9B9CF /* Supporting Files */ = {
			isa = PBXGroup;
			children = (
				C6B8C94E1B064BBC00B9B9CF /* Info.plist */,
				C6B8C94F1B064BBC00B9B9CF /* main.m */,
			);
			name = "Supporting Files";
			sourceTree = "<group>";
		};
		C6B8C9691B064BBC00B9B9CF /* perkAppsaholicTests */ = {
			isa = PBXGroup;
			children = (
				C6B8C96C1B064BBC00B9B9CF /* perkAppsaholicTests.m */,
				C6B8C96A1B064BBC00B9B9CF /* Supporting Files */,
			);
			path = perkAppsaholicTests;
			sourceTree = "<group>";
		};
		C6B8C96A1B064BBC00B9B9CF /* Supporting Files */ = {
			isa = PBXGroup;
			children = (
				C6B8C96B1B064BBC00B9B9CF /* Info.plist */,
			);
			name = "Supporting Files";
			sourceTree = "<group>";
		};
		C6E0D2071B07D61E00C18CA2 /* VungleSDK.embeddedframework */ = {
			isa = PBXGroup;
			children = (
				C6E0D2081B07D61E00C18CA2 /* Resources */,
				C6E0D20F1B07D61E00C18CA2 /* VungleSDK.framework */,
			);
			path = VungleSDK.embeddedframework;
			sourceTree = "<group>";
		};
		C6E0D2081B07D61E00C18CA2 /* Resources */ = {
			isa = PBXGroup;
			children = (
				C6E0D2091B07D61E00C18CA2 /* __vungle.db */,
				C6E0D20A1B07D61E00C18CA2 /* vg_close.png */,
				C6E0D20B1B07D61E00C18CA2 /* vg_cta.png */,
				C6E0D20C1B07D61E00C18CA2 /* vg_mute_off.png */,
				C6E0D20D1B07D61E00C18CA2 /* vg_mute_on.png */,
				C6E0D20E1B07D61E00C18CA2 /* vg_timer.png */,
			);
			path = Resources;
			sourceTree = "<group>";
		};
		C6F018FD1B07CE96006D497C /* ThirdPartyLib */ = {
			isa = PBXGroup;
			children = (
				F0279CE61B3031350041C9DE /* TestFairy */,
				F0279CDB1B302BFF0041C9DE /* MBProgressHUD.h */,
				F0279CDC1B302BFF0041C9DE /* MBProgressHUD.m */,
				C67484621B07F9C2009EB012 /* parse-library-1.7.1 */,
				C674844E1B07F7E1009EB012 /* Parse.framework */,
				C6F018FE1B07CEBA006D497C /* Witty */,
			);
			path = ThirdPartyLib;
			sourceTree = "<group>";
		};
		C6F018FE1B07CEBA006D497C /* Witty */ = {
			isa = PBXGroup;
			children = (
				C6F0190F1B07CF1E006D497C /* GTMNSString+HTML.h */,
				C6F019101B07CF1E006D497C /* GTMNSString+HTML.m */,
				C6F018FF1B07CEC4006D497C /* MWFeedParser.h */,
				C6F019001B07CEC4006D497C /* MWFeedParser_Private.h */,
				C6F019011B07CEC4006D497C /* MWFeedParser.m */,
				C6F019021B07CEC4006D497C /* MWFeedInfo.h */,
				C6F019031B07CEC4006D497C /* MWFeedInfo.m */,
				C6F019041B07CEC4006D497C /* MWFeedItem.h */,
				C6F019051B07CEC4006D497C /* MWFeedItem.m */,
				C6F019091B07CECD006D497C /* NSString+HTML.h */,
				C6F0190A1B07CECD006D497C /* NSString+HTML.m */,
				C6F0190B1B07CECD006D497C /* NSDate+InternetDateTime.h */,
				C6F0190C1B07CECD006D497C /* NSDate+InternetDateTime.m */,
			);
			path = Witty;
			sourceTree = "<group>";
		};
		F0279CE61B3031350041C9DE /* TestFairy */ = {
			isa = PBXGroup;
			children = (
				F0279CE71B3031350041C9DE /* libTestFairy.a */,
				F0279CE81B3031350041C9DE /* TestFairy.h */,
				F0279CE91B3031350041C9DE /* upload-dsym.sh */,
			);
			path = TestFairy;
			sourceTree = "<group>";
		};
/* End PBXGroup section */

/* Begin PBXNativeTarget section */
		C6B8C9491B064BBC00B9B9CF /* FeedReader */ = {
			isa = PBXNativeTarget;
			buildConfigurationList = C6B8C9701B064BBC00B9B9CF /* Build configuration list for PBXNativeTarget "FeedReader" */;
			buildPhases = (
				760070189F84096FCEFBA00E /* Check Pods Manifest.lock */,
				C6B8C9461B064BBC00B9B9CF /* Sources */,
				C6B8C9471B064BBC00B9B9CF /* Frameworks */,
				C6B8C9481B064BBC00B9B9CF /* Resources */,
				B5921C5C2FBBF5A96D1AA9A1 /* Copy Pods Resources */,
			);
			buildRules = (
			);
			dependencies = (
			);
			name = FeedReader;
			productName = perkAppsaholic;
			productReference = C6B8C94A1B064BBC00B9B9CF /* FeedReader.app */;
			productType = "com.apple.product-type.application";
		};
		C6B8C9651B064BBC00B9B9CF /* FeedReaderTests */ = {
			isa = PBXNativeTarget;
			buildConfigurationList = C6B8C9731B064BBC00B9B9CF /* Build configuration list for PBXNativeTarget "FeedReaderTests" */;
			buildPhases = (
				C6B8C9621B064BBC00B9B9CF /* Sources */,
				C6B8C9631B064BBC00B9B9CF /* Frameworks */,
				C6B8C9641B064BBC00B9B9CF /* Resources */,
			);
			buildRules = (
			);
			dependencies = (
				C6B8C9681B064BBC00B9B9CF /* PBXTargetDependency */,
			);
			name = FeedReaderTests;
			productName = perkAppsaholicTests;
			productReference = C6B8C9661B064BBC00B9B9CF /* FeedReaderTests.xctest */;
			productType = "com.apple.product-type.bundle.unit-test";
		};
/* End PBXNativeTarget section */

/* Begin PBXProject section */
		C6B8C9421B064BBC00B9B9CF /* Project object */ = {
			isa = PBXProject;
			attributes = {
				LastUpgradeCheck = 0630;
				ORGANIZATIONNAME = "RanjithKumar Matheswaran";
				TargetAttributes = {
					C6B8C9491B064BBC00B9B9CF = {
						CreatedOnToolsVersion = 6.3;
						DevelopmentTeam = PC9QM9CGV4;
					};
					C6B8C9651B064BBC00B9B9CF = {
						CreatedOnToolsVersion = 6.3;
						TestTargetID = C6B8C9491B064BBC00B9B9CF;
					};
				};
			};
			buildConfigurationList = C6B8C9451B064BBC00B9B9CF /* Build configuration list for PBXProject "FeedReader" */;
			compatibilityVersion = "Xcode 3.2";
			developmentRegion = English;
			hasScannedForEncodings = 0;
			knownRegions = (
				en,
				Base,
			);
			mainGroup = C6B8C9411B064BBC00B9B9CF;
			productRefGroup = C6B8C94B1B064BBC00B9B9CF /* Products */;
			projectDirPath = "";
			projectRoot = "";
			targets = (
				C6B8C9491B064BBC00B9B9CF /* FeedReader */,
				C6B8C9651B064BBC00B9B9CF /* FeedReaderTests */,
			);
		};
/* End PBXProject section */

/* Begin PBXResourcesBuildPhase section */
		C6B8C9481B064BBC00B9B9CF /* Resources */ = {
			isa = PBXResourcesBuildPhase;
			buildActionMask = 2147483647;
			files = (
				C6B8C95C1B064BBC00B9B9CF /* Main.storyboard in Resources */,
				C6E0D2111B07D61E00C18CA2 /* vg_close.png in Resources */,
				C6E0D2151B07D61E00C18CA2 /* vg_timer.png in Resources */,
				C6E0D2141B07D61E00C18CA2 /* vg_mute_on.png in Resources */,
				C6240FE61B0743C8005820C5 /* ArticleListingCell.xib in Resources */,
				C6E0D2131B07D61E00C18CA2 /* vg_mute_off.png in Resources */,
				C6B8C9611B064BBC00B9B9CF /* LaunchScreen.xib in Resources */,
				C6B8C95E1B064BBC00B9B9CF /* Images.xcassets in Resources */,
				F0279CEB1B3031350041C9DE /* upload-dsym.sh in Resources */,
				C6E0D2101B07D61E00C18CA2 /* __vungle.db in Resources */,
				C6E0D2121B07D61E00C18CA2 /* vg_cta.png in Resources */,
			);
			runOnlyForDeploymentPostprocessing = 0;
		};
		C6B8C9641B064BBC00B9B9CF /* Resources */ = {
			isa = PBXResourcesBuildPhase;
			buildActionMask = 2147483647;
			files = (
			);
			runOnlyForDeploymentPostprocessing = 0;
		};
/* End PBXResourcesBuildPhase section */

/* Begin PBXShellScriptBuildPhase section */
		760070189F84096FCEFBA00E /* Check Pods Manifest.lock */ = {
			isa = PBXShellScriptBuildPhase;
			buildActionMask = 2147483647;
			files = (
			);
			inputPaths = (
			);
			name = "Check Pods Manifest.lock";
			outputPaths = (
			);
			runOnlyForDeploymentPostprocessing = 0;
			shellPath = /bin/sh;
			shellScript = "diff \"${PODS_ROOT}/../Podfile.lock\" \"${PODS_ROOT}/Manifest.lock\" > /dev/null\nif [[ $? != 0 ]] ; then\n    cat << EOM\nerror: The sandbox is not in sync with the Podfile.lock. Run 'pod install' or update your CocoaPods installation.\nEOM\n    exit 1\nfi\n";
			showEnvVarsInLog = 0;
		};
		B5921C5C2FBBF5A96D1AA9A1 /* Copy Pods Resources */ = {
			isa = PBXShellScriptBuildPhase;
			buildActionMask = 2147483647;
			files = (
			);
			inputPaths = (
			);
			name = "Copy Pods Resources";
			outputPaths = (
			);
			runOnlyForDeploymentPostprocessing = 0;
			shellPath = /bin/sh;
			shellScript = "\"${SRCROOT}/Pods/Target Support Files/Pods-perkAppsaholic/Pods-perkAppsaholic-resources.sh\"\n";
			showEnvVarsInLog = 0;
		};
/* End PBXShellScriptBuildPhase section */

/* Begin PBXSourcesBuildPhase section */
		C6B8C9461B064BBC00B9B9CF /* Sources */ = {
			isa = PBXSourcesBuildPhase;
			buildActionMask = 2147483647;
			files = (
				C6B8C9531B064BBC00B9B9CF /* AppDelegate.m in Sources */,
				C6B8C9561B064BBC00B9B9CF /* perkAppsaholic.xcdatamodeld in Sources */,
				C6240FF61B075FE5005820C5 /* ArticleDetailViewController.m in Sources */,
				C6240FED1B0748E9005820C5 /* Utilities.m in Sources */,
				C6F0190E1B07CECD006D497C /* NSDate+InternetDateTime.m in Sources */,
				C6F019081B07CEC4006D497C /* MWFeedItem.m in Sources */,
				C6240FE91B074437005820C5 /* ArticleListingCell.m in Sources */,
				F0279CDD1B302BFF0041C9DE /* MBProgressHUD.m in Sources */,
				C6240FF91B076036005820C5 /* ArticleScrollView.m in Sources */,
				C6B8C9591B064BBC00B9B9CF /* ViewController.m in Sources */,
				C67484711B0809AC009EB012 /* AddRssViewController.m in Sources */,
				C606AE501B0734050039CA5B /* ArticleListing.m in Sources */,
				C6240FE41B073A27005820C5 /* ArticleListingTable.m in Sources */,
				C6F0190D1B07CECD006D497C /* NSString+HTML.m in Sources */,
				C6B8C9501B064BBC00B9B9CF /* main.m in Sources */,
				C6F019111B07CF1E006D497C /* GTMNSString+HTML.m in Sources */,
				C6F019061B07CEC4006D497C /* MWFeedParser.m in Sources */,
				C674844D1B07F532009EB012 /* RSSFeedsList.m in Sources */,
				C6F019071B07CEC4006D497C /* MWFeedInfo.m in Sources */,
			);
			runOnlyForDeploymentPostprocessing = 0;
		};
		C6B8C9621B064BBC00B9B9CF /* Sources */ = {
			isa = PBXSourcesBuildPhase;
			buildActionMask = 2147483647;
			files = (
				C6B8C96D1B064BBC00B9B9CF /* perkAppsaholicTests.m in Sources */,
			);
			runOnlyForDeploymentPostprocessing = 0;
		};
/* End PBXSourcesBuildPhase section */

/* Begin PBXTargetDependency section */
		C6B8C9681B064BBC00B9B9CF /* PBXTargetDependency */ = {
			isa = PBXTargetDependency;
			target = C6B8C9491B064BBC00B9B9CF /* FeedReader */;
			targetProxy = C6B8C9671B064BBC00B9B9CF /* PBXContainerItemProxy */;
		};
/* End PBXTargetDependency section */

/* Begin PBXVariantGroup section */
		C6B8C95A1B064BBC00B9B9CF /* Main.storyboard */ = {
			isa = PBXVariantGroup;
			children = (
				C6B8C95B1B064BBC00B9B9CF /* Base */,
			);
			name = Main.storyboard;
			sourceTree = "<group>";
		};
		C6B8C95F1B064BBC00B9B9CF /* LaunchScreen.xib */ = {
			isa = PBXVariantGroup;
			children = (
				C6B8C9601B064BBC00B9B9CF /* Base */,
			);
			name = LaunchScreen.xib;
			sourceTree = "<group>";
		};
/* End PBXVariantGroup section */

/* Begin XCBuildConfiguration section */
		C6B8C96E1B064BBC00B9B9CF /* Debug */ = {
			isa = XCBuildConfiguration;
			buildSettings = {
				ALWAYS_SEARCH_USER_PATHS = NO;
				CLANG_CXX_LANGUAGE_STANDARD = "gnu++0x";
				CLANG_CXX_LIBRARY = "libc++";
				CLANG_ENABLE_MODULES = YES;
				CLANG_ENABLE_OBJC_ARC = YES;
				CLANG_WARN_BOOL_CONVERSION = YES;
				CLANG_WARN_CONSTANT_CONVERSION = YES;
				CLANG_WARN_DIRECT_OBJC_ISA_USAGE = YES_ERROR;
				CLANG_WARN_EMPTY_BODY = YES;
				CLANG_WARN_ENUM_CONVERSION = YES;
				CLANG_WARN_INT_CONVERSION = YES;
				CLANG_WARN_OBJC_ROOT_CLASS = YES_ERROR;
				CLANG_WARN_UNREACHABLE_CODE = YES;
				CLANG_WARN__DUPLICATE_METHOD_MATCH = YES;
				"CODE_SIGN_IDENTITY[sdk=iphoneos*]" = "iPhone Developer";
				COPY_PHASE_STRIP = NO;
				DEBUG_INFORMATION_FORMAT = "dwarf-with-dsym";
				ENABLE_STRICT_OBJC_MSGSEND = YES;
				GCC_C_LANGUAGE_STANDARD = gnu99;
				GCC_DYNAMIC_NO_PIC = NO;
				GCC_NO_COMMON_BLOCKS = YES;
				GCC_OPTIMIZATION_LEVEL = 0;
				GCC_PREPROCESSOR_DEFINITIONS = (
					"DEBUG=1",
					"$(inherited)",
				);
				GCC_SYMBOLS_PRIVATE_EXTERN = NO;
				GCC_WARN_64_TO_32_BIT_CONVERSION = YES;
				GCC_WARN_ABOUT_RETURN_TYPE = YES_ERROR;
				GCC_WARN_UNDECLARED_SELECTOR = YES;
				GCC_WARN_UNINITIALIZED_AUTOS = YES_AGGRESSIVE;
				GCC_WARN_UNUSED_FUNCTION = YES;
				GCC_WARN_UNUSED_VARIABLE = YES;
				IPHONEOS_DEPLOYMENT_TARGET = 8.3;
				MTL_ENABLE_DEBUG_INFO = YES;
				ONLY_ACTIVE_ARCH = YES;
				SDKROOT = iphoneos;
			};
			name = Debug;
		};
		C6B8C96F1B064BBC00B9B9CF /* Release */ = {
			isa = XCBuildConfiguration;
			buildSettings = {
				ALWAYS_SEARCH_USER_PATHS = NO;
				CLANG_CXX_LANGUAGE_STANDARD = "gnu++0x";
				CLANG_CXX_LIBRARY = "libc++";
				CLANG_ENABLE_MODULES = YES;
				CLANG_ENABLE_OBJC_ARC = YES;
				CLANG_WARN_BOOL_CONVERSION = YES;
				CLANG_WARN_CONSTANT_CONVERSION = YES;
				CLANG_WARN_DIRECT_OBJC_ISA_USAGE = YES_ERROR;
				CLANG_WARN_EMPTY_BODY = YES;
				CLANG_WARN_ENUM_CONVERSION = YES;
				CLANG_WARN_INT_CONVERSION = YES;
				CLANG_WARN_OBJC_ROOT_CLASS = YES_ERROR;
				CLANG_WARN_UNREACHABLE_CODE = YES;
				CLANG_WARN__DUPLICATE_METHOD_MATCH = YES;
				"CODE_SIGN_IDENTITY[sdk=iphoneos*]" = "iPhone Developer";
				COPY_PHASE_STRIP = NO;
				DEBUG_INFORMATION_FORMAT = "dwarf-with-dsym";
				ENABLE_NS_ASSERTIONS = NO;
				ENABLE_STRICT_OBJC_MSGSEND = YES;
				GCC_C_LANGUAGE_STANDARD = gnu99;
				GCC_NO_COMMON_BLOCKS = YES;
				GCC_WARN_64_TO_32_BIT_CONVERSION = YES;
				GCC_WARN_ABOUT_RETURN_TYPE = YES_ERROR;
				GCC_WARN_UNDECLARED_SELECTOR = YES;
				GCC_WARN_UNINITIALIZED_AUTOS = YES_AGGRESSIVE;
				GCC_WARN_UNUSED_FUNCTION = YES;
				GCC_WARN_UNUSED_VARIABLE = YES;
				IPHONEOS_DEPLOYMENT_TARGET = 8.3;
				MTL_ENABLE_DEBUG_INFO = NO;
				SDKROOT = iphoneos;
				VALIDATE_PRODUCT = YES;
			};
			name = Release;
		};
		C6B8C9711B064BBC00B9B9CF /* Debug */ = {
			isa = XCBuildConfiguration;
			baseConfigurationReference = DB42DA88EC08162A8A0D3A01 /* Pods-perkAppsaholic.debug.xcconfig */;
			buildSettings = {
				ASSETCATALOG_COMPILER_APPICON_NAME = AppIcon;
				CODE_SIGN_IDENTITY = "iPhone Distribution: Perk.com LLC";
				"CODE_SIGN_IDENTITY[sdk=iphoneos*]" = "iPhone Distribution: Perk.com LLC";
				FRAMEWORK_SEARCH_PATHS = (
					"$(inherited)",
					"$(PROJECT_DIR)/perkAppsaholic/ThirdPartyLib/AppsaholicUniversalSDK/aerserv-ios-sdk-min/lib",
					"$(PROJECT_DIR)/perkAppsaholic/ThirdPartyLib/AppsaholicUniversalSDK/FacebookSDK",
					"$(PROJECT_DIR)/perkAppsaholic/ThirdPartyLib/AppsaholicUniversalSDK/PollfishSDK",
					"$(PROJECT_DIR)/perkAppsaholic/ThirdPartyLib/AppsaholicUniversalSDK/VungleSDK.embeddedframework",
					/Users/ranjith/Downloads/AppsaholicUniversalSDK/VungleSDK.embeddedframework,
					"$(PROJECT_DIR)/perkAppsaholic/AppsaholicUniversalSDK/aerserv-ios-sdk-min/lib",
					"$(PROJECT_DIR)/perkAppsaholic/AppsaholicUniversalSDK/FacebookSDK",
					"$(PROJECT_DIR)/perkAppsaholic/AppsaholicUniversalSDK/PollfishSDK",
					"$(PROJECT_DIR)/perkAppsaholic/AppsaholicUniversalSDK/VungleSDK.embeddedframework",
					"$(PROJECT_DIR)/VungleSDK.embeddedframework",
					"/Users/ranjith/Downloads/ios-charts-master/Charts/build/Debug-iphoneos",
					"$(PROJECT_DIR)/perkAppsaholic/ThirdPartyLib",
					"$(PROJECT_DIR)/perkAppsaholic/ThirdPartyLib/parse-library-1.7.1",
				);
				INFOPLIST_FILE = perkAppsaholic/Info.plist;
				IPHONEOS_DEPLOYMENT_TARGET = 8.0;
				LD_RUNPATH_SEARCH_PATHS = "$(inherited) @executable_path/Frameworks";
				LIBRARY_SEARCH_PATHS = (
					"$(inherited)",
					"$(PROJECT_DIR)/perkAppsaholic/ThirdPartyLib/AppsaholicUniversalSDK",
					"$(PROJECT_DIR)/perkAppsaholic/AppsaholicUniversalSDK",
					"$(PROJECT_DIR)/perkAppsaholic/ThirdPartyLib/TestFairy",
				);
				ONLY_ACTIVE_ARCH = YES;
				PRODUCT_NAME = FeedReader;
				PROVISIONING_PROFILE = "";
				VALID_ARCHS = "arm64 armv7 armv7s";
			};
			name = Debug;
		};
		C6B8C9721B064BBC00B9B9CF /* Release */ = {
			isa = XCBuildConfiguration;
			baseConfigurationReference = 0FD0F478E58A106A46E4A3C0 /* Pods-perkAppsaholic.release.xcconfig */;
			buildSettings = {
				ASSETCATALOG_COMPILER_APPICON_NAME = AppIcon;
				CODE_SIGN_IDENTITY = "iPhone Distribution: Perk.com LLC";
				"CODE_SIGN_IDENTITY[sdk=iphoneos*]" = "iPhone Distribution: Perk.com LLC";
				FRAMEWORK_SEARCH_PATHS = (
					"$(inherited)",
					"$(PROJECT_DIR)/perkAppsaholic/ThirdPartyLib/AppsaholicUniversalSDK/aerserv-ios-sdk-min/lib",
					"$(PROJECT_DIR)/perkAppsaholic/ThirdPartyLib/AppsaholicUniversalSDK/FacebookSDK",
					"$(PROJECT_DIR)/perkAppsaholic/ThirdPartyLib/AppsaholicUniversalSDK/PollfishSDK",
					"$(PROJECT_DIR)/perkAppsaholic/ThirdPartyLib/AppsaholicUniversalSDK/VungleSDK.embeddedframework",
					/Users/ranjith/Downloads/AppsaholicUniversalSDK/VungleSDK.embeddedframework,
					"$(PROJECT_DIR)/perkAppsaholic/AppsaholicUniversalSDK/aerserv-ios-sdk-min/lib",
					"$(PROJECT_DIR)/perkAppsaholic/AppsaholicUniversalSDK/FacebookSDK",
					"$(PROJECT_DIR)/perkAppsaholic/AppsaholicUniversalSDK/PollfishSDK",
					"$(PROJECT_DIR)/perkAppsaholic/AppsaholicUniversalSDK/VungleSDK.embeddedframework",
					"$(PROJECT_DIR)/VungleSDK.embeddedframework",
					"/Users/ranjith/Downloads/ios-charts-master/Charts/build/Debug-iphoneos",
					"$(PROJECT_DIR)/perkAppsaholic/ThirdPartyLib",
					"$(PROJECT_DIR)/perkAppsaholic/ThirdPartyLib/parse-library-1.7.1",
				);
				INFOPLIST_FILE = perkAppsaholic/Info.plist;
				IPHONEOS_DEPLOYMENT_TARGET = 8.0;
				LD_RUNPATH_SEARCH_PATHS = "$(inherited) @executable_path/Frameworks";
				LIBRARY_SEARCH_PATHS = (
					"$(inherited)",
					"$(PROJECT_DIR)/perkAppsaholic/ThirdPartyLib/AppsaholicUniversalSDK",
					"$(PROJECT_DIR)/perkAppsaholic/AppsaholicUniversalSDK",
					"$(PROJECT_DIR)/perkAppsaholic/ThirdPartyLib/TestFairy",
				);
				ONLY_ACTIVE_ARCH = NO;
				PRODUCT_NAME = FeedReader;
				PROVISIONING_PROFILE = "";
				VALID_ARCHS = "arm64 armv7 armv7s";
			};
			name = Release;
		};
		C6B8C9741B064BBC00B9B9CF /* Debug */ = {
			isa = XCBuildConfiguration;
			buildSettings = {
				BUNDLE_LOADER = "$(TEST_HOST)";
				FRAMEWORK_SEARCH_PATHS = (
					"$(SDKROOT)/Developer/Library/Frameworks",
					"$(inherited)",
					"$(PROJECT_DIR)/perkAppsaholicTests/VungleSDK.embeddedframework",
				);
				GCC_PREPROCESSOR_DEFINITIONS = (
					"DEBUG=1",
					"$(inherited)",
				);
				INFOPLIST_FILE = perkAppsaholicTests/Info.plist;
				LD_RUNPATH_SEARCH_PATHS = "$(inherited) @executable_path/Frameworks @loader_path/Frameworks";
				PRODUCT_NAME = FeedReaderTests;
				TEST_HOST = "$(BUILT_PRODUCTS_DIR)/perkAppsaholic.app/perkAppsaholic";
			};
			name = Debug;
		};
		C6B8C9751B064BBC00B9B9CF /* Release */ = {
			isa = XCBuildConfiguration;
			buildSettings = {
				BUNDLE_LOADER = "$(TEST_HOST)";
				FRAMEWORK_SEARCH_PATHS = (
					"$(SDKROOT)/Developer/Library/Frameworks",
					"$(inherited)",
					"$(PROJECT_DIR)/perkAppsaholicTests/VungleSDK.embeddedframework",
				);
				INFOPLIST_FILE = perkAppsaholicTests/Info.plist;
				LD_RUNPATH_SEARCH_PATHS = "$(inherited) @executable_path/Frameworks @loader_path/Frameworks";
				PRODUCT_NAME = FeedReaderTests;
				TEST_HOST = "$(BUILT_PRODUCTS_DIR)/perkAppsaholic.app/perkAppsaholic";
			};
			name = Release;
		};
/* End XCBuildConfiguration section */

/* Begin XCConfigurationList section */
		C6B8C9451B064BBC00B9B9CF /* Build configuration list for PBXProject "FeedReader" */ = {
			isa = XCConfigurationList;
			buildConfigurations = (
				C6B8C96E1B064BBC00B9B9CF /* Debug */,
				C6B8C96F1B064BBC00B9B9CF /* Release */,
			);
			defaultConfigurationIsVisible = 0;
			defaultConfigurationName = Release;
		};
		C6B8C9701B064BBC00B9B9CF /* Build configuration list for PBXNativeTarget "FeedReader" */ = {
			isa = XCConfigurationList;
			buildConfigurations = (
				C6B8C9711B064BBC00B9B9CF /* Debug */,
				C6B8C9721B064BBC00B9B9CF /* Release */,
			);
			defaultConfigurationIsVisible = 0;
			defaultConfigurationName = Release;
		};
		C6B8C9731B064BBC00B9B9CF /* Build configuration list for PBXNativeTarget "FeedReaderTests" */ = {
			isa = XCConfigurationList;
			buildConfigurations = (
				C6B8C9741B064BBC00B9B9CF /* Debug */,
				C6B8C9751B064BBC00B9B9CF /* Release */,
			);
			defaultConfigurationIsVisible = 0;
			defaultConfigurationName = Release;
		};
/* End XCConfigurationList section */

/* Begin XCVersionGroup section */
		C6B8C9541B064BBC00B9B9CF /* perkAppsaholic.xcdatamodeld */ = {
			isa = XCVersionGroup;
			children = (
				C6B8C9551B064BBC00B9B9CF /* perkAppsaholic.xcdatamodel */,
			);
			currentVersion = C6B8C9551B064BBC00B9B9CF /* perkAppsaholic.xcdatamodel */;
			path = perkAppsaholic.xcdatamodeld;
			sourceTree = "<group>";
			versionGroupType = wrapper.xcdatamodel;
		};
/* End XCVersionGroup section */
	};
	rootObject = C6B8C9421B064BBC00B9B9CF /* Project object */;
}
